// !$*UTF8*$!
{
	archiveVersion = 1;
	classes = {
	};
	objectVersion = 51;
	objects = {

/* Begin PBXBuildFile section */
		04F247FC23378B80003239B6 /* ItemTopic.storyboard in Resources */ = {isa = PBXBuildFile; fileRef = 04F247FB23378B80003239B6 /* ItemTopic.storyboard */; };
		04F247FE23378B9B003239B6 /* ItemTopicViewController.swift in Sources */ = {isa = PBXBuildFile; fileRef = 04F247FD23378B9B003239B6 /* ItemTopicViewController.swift */; };
		04F2480023378C53003239B6 /* ItemTopicSection.swift in Sources */ = {isa = PBXBuildFile; fileRef = 04F247FF23378C53003239B6 /* ItemTopicSection.swift */; };
		04F2480223378DE7003239B6 /* ItemTopicCell.swift in Sources */ = {isa = PBXBuildFile; fileRef = 04F2480123378DE7003239B6 /* ItemTopicCell.swift */; };
		04F2480423378DF6003239B6 /* ItemTopicCell.xib in Resources */ = {isa = PBXBuildFile; fileRef = 04F2480323378DF6003239B6 /* ItemTopicCell.xib */; };
		04F2480623378E04003239B6 /* ItemTopicServerCell.swift in Sources */ = {isa = PBXBuildFile; fileRef = 04F2480523378E04003239B6 /* ItemTopicServerCell.swift */; };
		04F2480823378E25003239B6 /* ItemTopicServerCell.xib in Resources */ = {isa = PBXBuildFile; fileRef = 04F2480723378E25003239B6 /* ItemTopicServerCell.xib */; };
		1803374C21C9EDC90098F944 /* SensorMapping.swift in Sources */ = {isa = PBXBuildFile; fileRef = 1803374B21C9EDC90098F944 /* SensorMapping.swift */; };
		1803375421CA2A6B0098F944 /* DataInteractor.swift in Sources */ = {isa = PBXBuildFile; fileRef = 1803375321CA2A6B0098F944 /* DataInteractor.swift */; };
		1803375621CA9B130098F944 /* Sensor.swift in Sources */ = {isa = PBXBuildFile; fileRef = 1803375521CA9B130098F944 /* Sensor.swift */; };
		1803375921CB3BAE0098F944 /* Device.swift in Sources */ = {isa = PBXBuildFile; fileRef = 1803375821CB3BAE0098F944 /* Device.swift */; };
		1803375B21CB3C070098F944 /* SwitchCellViewModel.swift in Sources */ = {isa = PBXBuildFile; fileRef = 1803375A21CB3C070098F944 /* SwitchCellViewModel.swift */; };
		1803375D21CB3C350098F944 /* TemperatureDevice.swift in Sources */ = {isa = PBXBuildFile; fileRef = 1803375C21CB3C350098F944 /* TemperatureDevice.swift */; };
		1803376021CB41640098F944 /* SensorConnect.swift in Sources */ = {isa = PBXBuildFile; fileRef = 1803375F21CB41640098F944 /* SensorConnect.swift */; };
		1803376321CB954D0098F944 /* ConfigurationsDataInteractor.swift in Sources */ = {isa = PBXBuildFile; fileRef = 1803376221CB954D0098F944 /* ConfigurationsDataInteractor.swift */; };
		1803376521CBA9860098F944 /* TemperatureCell.swift in Sources */ = {isa = PBXBuildFile; fileRef = 1803376421CBA9860098F944 /* TemperatureCell.swift */; };
		1803376721CBA9A20098F944 /* TemperatureCell.xib in Resources */ = {isa = PBXBuildFile; fileRef = 1803376621CBA9A20098F944 /* TemperatureCell.xib */; };
		1803376921CBAC7D0098F944 /* HumidityCell.swift in Sources */ = {isa = PBXBuildFile; fileRef = 1803376821CBAC7D0098F944 /* HumidityCell.swift */; };
		1803376B21CBAC900098F944 /* HumidityCell.xib in Resources */ = {isa = PBXBuildFile; fileRef = 1803376A21CBAC900098F944 /* HumidityCell.xib */; };
		1803376D21CBBA660098F944 /* CellCreator.swift in Sources */ = {isa = PBXBuildFile; fileRef = 1803376C21CBBA660098F944 /* CellCreator.swift */; };
		1803376F21CBED960098F944 /* HumidityDevice.swift in Sources */ = {isa = PBXBuildFile; fileRef = 1803376E21CBED960098F944 /* HumidityDevice.swift */; };
		1803377621CBF5480098F944 /* SelectionViewController.swift in Sources */ = {isa = PBXBuildFile; fileRef = 1803377521CBF5480098F944 /* SelectionViewController.swift */; };
		1803377821CBF6CC0098F944 /* SelectionCell.xib in Resources */ = {isa = PBXBuildFile; fileRef = 1803377721CBF6CC0098F944 /* SelectionCell.xib */; };
		1803377A21CBF7310098F944 /* SelectionCell.swift in Sources */ = {isa = PBXBuildFile; fileRef = 1803377921CBF7310098F944 /* SelectionCell.swift */; };
		181BAC6C220DD2B700A0D458 /* MotionCell.xib in Resources */ = {isa = PBXBuildFile; fileRef = 181BAC6B220DD2B700A0D458 /* MotionCell.xib */; };
		181BAC6E220DD2D400A0D458 /* MotionCell.swift in Sources */ = {isa = PBXBuildFile; fileRef = 181BAC6D220DD2D400A0D458 /* MotionCell.swift */; };
		181BAC72220DE57100A0D458 /* SensorRequest.swift in Sources */ = {isa = PBXBuildFile; fileRef = 181BAC71220DE57100A0D458 /* SensorRequest.swift */; };
		181F50A422F1FEAE00EA89D1 /* AppState.swift in Sources */ = {isa = PBXBuildFile; fileRef = 181F50A322F1FEAE00EA89D1 /* AppState.swift */; };
		18243663227D8DC80009F7EA /* CandleStickChartViewController.swift in Sources */ = {isa = PBXBuildFile; fileRef = 18243662227D8DC80009F7EA /* CandleStickChartViewController.swift */; };
		1826C625218F51B700A5CE38 /* ItemListService.swift in Sources */ = {isa = PBXBuildFile; fileRef = 1826C624218F51B700A5CE38 /* ItemListService.swift */; };
		18339BE021C9493E00CC2269 /* IoTGarden.xcdatamodeld in Sources */ = {isa = PBXBuildFile; fileRef = 18339BDE21C9493E00CC2269 /* IoTGarden.xcdatamodeld */; };
		18339BE321C9496100CC2269 /* ItemList.xcdatamodeld in Sources */ = {isa = PBXBuildFile; fileRef = 18339BE121C9496100CC2269 /* ItemList.xcdatamodeld */; };
		1836B9D5227D916200CF6F66 /* CandleStickChartViewController.xib in Resources */ = {isa = PBXBuildFile; fileRef = 1836B9D4227D916200CF6F66 /* CandleStickChartViewController.xib */; };
		183A91FD22EAFEA600EBDC4A /* ItemDetailServerViewController.swift in Sources */ = {isa = PBXBuildFile; fileRef = 183A91FC22EAFEA600EBDC4A /* ItemDetailServerViewController.swift */; };
		183A91FF22EAFFAB00EBDC4A /* ItemDetail.storyboard in Resources */ = {isa = PBXBuildFile; fileRef = 183A91FE22EAFFAB00EBDC4A /* ItemDetail.storyboard */; };
		183A920122EB53FC00EBDC4A /* ItemDetailTopicViewController.swift in Sources */ = {isa = PBXBuildFile; fileRef = 183A920022EB53FC00EBDC4A /* ItemDetailTopicViewController.swift */; };
		183A920322EC023D00EBDC4A /* SensorConnect2.swift in Sources */ = {isa = PBXBuildFile; fileRef = 183A920222EC023D00EBDC4A /* SensorConnect2.swift */; };
		1846AB53218A9E7800F46053 /* ItemDetailViewController.swift in Sources */ = {isa = PBXBuildFile; fileRef = 1846AB52218A9E7800F46053 /* ItemDetailViewController.swift */; };
		1846AB57218AA3B800F46053 /* AddItemViewController.swift in Sources */ = {isa = PBXBuildFile; fileRef = 1846AB56218AA3B800F46053 /* AddItemViewController.swift */; };
		1846AB59218AA3E100F46053 /* AddItemViewController.storyboard in Resources */ = {isa = PBXBuildFile; fileRef = 1846AB58218AA3E100F46053 /* AddItemViewController.storyboard */; };
		1852DBA22192960D002E1946 /* AddItemView.swift in Sources */ = {isa = PBXBuildFile; fileRef = 1852DBA12192960D002E1946 /* AddItemView.swift */; };
		1852DBA421931E16002E1946 /* AddItemSavingViewController.swift in Sources */ = {isa = PBXBuildFile; fileRef = 1852DBA321931E16002E1946 /* AddItemSavingViewController.swift */; };
		1852DBA621931FA5002E1946 /* AddItemSavingView.swift in Sources */ = {isa = PBXBuildFile; fileRef = 1852DBA521931FA5002E1946 /* AddItemSavingView.swift */; };
		1854087A21C40BF000984268 /* ItemDetailTempViewController.swift in Sources */ = {isa = PBXBuildFile; fileRef = 1854087921C40BF000984268 /* ItemDetailTempViewController.swift */; };
		1854088021C40D0A00984268 /* ItemDetailTempViewController.storyboard in Resources */ = {isa = PBXBuildFile; fileRef = 1854087F21C40D0A00984268 /* ItemDetailTempViewController.storyboard */; };
		18577AA9228816C6007FB9E4 /* BarChartViewController.swift in Sources */ = {isa = PBXBuildFile; fileRef = 18577AA8228816C6007FB9E4 /* BarChartViewController.swift */; };
		18577AAB228816DC007FB9E4 /* BarChartViewController.xib in Resources */ = {isa = PBXBuildFile; fileRef = 18577AAA228816DC007FB9E4 /* BarChartViewController.xib */; };
		18592A082321699100DFB310 /* ItemDetailSwitchCell.xib in Resources */ = {isa = PBXBuildFile; fileRef = 18592A072321699100DFB310 /* ItemDetailSwitchCell.xib */; };
		18592A0A232169AE00DFB310 /* ItemDetailSwitchCell.swift in Sources */ = {isa = PBXBuildFile; fileRef = 18592A09232169AE00DFB310 /* ItemDetailSwitchCell.swift */; };
		18592A0C23216C0000DFB310 /* ItemDetailFooterCell.swift in Sources */ = {isa = PBXBuildFile; fileRef = 18592A0B23216C0000DFB310 /* ItemDetailFooterCell.swift */; };
		18592A0E23216C1500DFB310 /* ItemDetailFooterCell.xib in Resources */ = {isa = PBXBuildFile; fileRef = 18592A0D23216C1500DFB310 /* ItemDetailFooterCell.xib */; };
		185FF15222ABB0B7003C0DDF /* ItemInputValueCell.swift in Sources */ = {isa = PBXBuildFile; fileRef = 185FF15122ABB0B7003C0DDF /* ItemInputValueCell.swift */; };
		185FF15422ABB0DD003C0DDF /* ItemInputValueCell.xib in Resources */ = {isa = PBXBuildFile; fileRef = 185FF15322ABB0DD003C0DDF /* ItemInputValueCell.xib */; };
		185FF15622ABB5B3003C0DDF /* InputDevice.swift in Sources */ = {isa = PBXBuildFile; fileRef = 185FF15522ABB5B3003C0DDF /* InputDevice.swift */; };
		1862B3DC21E305D200CFD7F1 /* icon_temp.png in Resources */ = {isa = PBXBuildFile; fileRef = 1862B3DB21E305D200CFD7F1 /* icon_temp.png */; };
		1862B3DE21E32A7200CFD7F1 /* icon_humi.png in Resources */ = {isa = PBXBuildFile; fileRef = 1862B3DD21E32A7200CFD7F1 /* icon_humi.png */; };
		1864B73622B7F22100B9DCE7 /* ItemDetailState.swift in Sources */ = {isa = PBXBuildFile; fileRef = 1864B73522B7F22100B9DCE7 /* ItemDetailState.swift */; };
		1864B73822B7F45B00B9DCE7 /* ItemDetailReducer.swift in Sources */ = {isa = PBXBuildFile; fileRef = 1864B73722B7F45B00B9DCE7 /* ItemDetailReducer.swift */; };
		1864B73B22BA8C1400B9DCE7 /* ItemDetailAction.swift in Sources */ = {isa = PBXBuildFile; fileRef = 1864B73A22BA8C1400B9DCE7 /* ItemDetailAction.swift */; };
		1864B73D22BE363100B9DCE7 /* ItemDetailStore.swift in Sources */ = {isa = PBXBuildFile; fileRef = 1864B73C22BE363000B9DCE7 /* ItemDetailStore.swift */; };
		1864B74122C7D1FD00B9DCE7 /* MQTTService.swift in Sources */ = {isa = PBXBuildFile; fileRef = 1864B74022C7D1FD00B9DCE7 /* MQTTService.swift */; };
		186AB610233287430017F935 /* ConnectionsViewController.swift in Sources */ = {isa = PBXBuildFile; fileRef = 186AB60F233287430017F935 /* ConnectionsViewController.swift */; };
		186AB6122332875F0017F935 /* Connection.storyboard in Resources */ = {isa = PBXBuildFile; fileRef = 186AB6112332875F0017F935 /* Connection.storyboard */; };
		186AB614233289470017F935 /* ConnectionSection.swift in Sources */ = {isa = PBXBuildFile; fileRef = 186AB613233289470017F935 /* ConnectionSection.swift */; };
		186AB616233289A20017F935 /* ConnectionViewModel.swift in Sources */ = {isa = PBXBuildFile; fileRef = 186AB615233289A20017F935 /* ConnectionViewModel.swift */; };
		186AB61823328A360017F935 /* ConnectionCell.swift in Sources */ = {isa = PBXBuildFile; fileRef = 186AB61723328A360017F935 /* ConnectionCell.swift */; };
		186AB61A23328A7D0017F935 /* ConnectionCell.xib in Resources */ = {isa = PBXBuildFile; fileRef = 186AB61923328A7D0017F935 /* ConnectionCell.xib */; };
		186AB61D23328EE80017F935 /* AddItem.storyboard in Resources */ = {isa = PBXBuildFile; fileRef = 186AB61C23328EE80017F935 /* AddItem.storyboard */; };
		186AB61F23328F120017F935 /* AddItemTopicViewController.swift in Sources */ = {isa = PBXBuildFile; fileRef = 186AB61E23328F120017F935 /* AddItemTopicViewController.swift */; };
		186AB62123328FB30017F935 /* AddItemTopicCell.swift in Sources */ = {isa = PBXBuildFile; fileRef = 186AB62023328FB30017F935 /* AddItemTopicCell.swift */; };
		186AB62323328FFF0017F935 /* AddItemTopicCell.xib in Resources */ = {isa = PBXBuildFile; fileRef = 186AB62223328FFF0017F935 /* AddItemTopicCell.xib */; };
		186AB625233291080017F935 /* AddItemTopicSection.swift in Sources */ = {isa = PBXBuildFile; fileRef = 186AB624233291080017F935 /* AddItemTopicSection.swift */; };
		186AB6272332913D0017F935 /* AddItemTopicViewModel.swift in Sources */ = {isa = PBXBuildFile; fileRef = 186AB6262332913D0017F935 /* AddItemTopicViewModel.swift */; };
		189C812D2311397D00E4BC95 /* ItemDetailHeaderCell.swift in Sources */ = {isa = PBXBuildFile; fileRef = 189C812C2311397D00E4BC95 /* ItemDetailHeaderCell.swift */; };
		189C812F231139C800E4BC95 /* ItemDetailHeaderCell.xib in Resources */ = {isa = PBXBuildFile; fileRef = 189C812E231139C800E4BC95 /* ItemDetailHeaderCell.xib */; };
		189C813123113A8A00E4BC95 /* ItemDetailTopicCell.swift in Sources */ = {isa = PBXBuildFile; fileRef = 189C813023113A8A00E4BC95 /* ItemDetailTopicCell.swift */; };
		189C813323113AA100E4BC95 /* ItemDetailTopicCell.xib in Resources */ = {isa = PBXBuildFile; fileRef = 189C813223113AA100E4BC95 /* ItemDetailTopicCell.xib */; };
		18A0430821894CD2005E04D4 /* AppDelegate.swift in Sources */ = {isa = PBXBuildFile; fileRef = 18A0430721894CD2005E04D4 /* AppDelegate.swift */; };
		18A0431221894CD4005E04D4 /* Assets.xcassets in Resources */ = {isa = PBXBuildFile; fileRef = 18A0431121894CD4005E04D4 /* Assets.xcassets */; };
		18A0431521894CD4005E04D4 /* LaunchScreen.storyboard in Resources */ = {isa = PBXBuildFile; fileRef = 18A0431321894CD4005E04D4 /* LaunchScreen.storyboard */; };
		18A0432021894CD4005E04D4 /* IoTGardenTests.swift in Sources */ = {isa = PBXBuildFile; fileRef = 18A0431F21894CD4005E04D4 /* IoTGardenTests.swift */; };
		18A0432B21894CD4005E04D4 /* IoTGardenUITests.swift in Sources */ = {isa = PBXBuildFile; fileRef = 18A0432A21894CD4005E04D4 /* IoTGardenUITests.swift */; };
		18A33DDA2324FAAE00DFDBB6 /* ItemDetailTrashCell.xib in Resources */ = {isa = PBXBuildFile; fileRef = 18A33DD92324FAAE00DFDBB6 /* ItemDetailTrashCell.xib */; };
		18A33DDC2324FAD800DFDBB6 /* ItemDetailTrashCell.swift in Sources */ = {isa = PBXBuildFile; fileRef = 18A33DDB2324FAD800DFDBB6 /* ItemDetailTrashCell.swift */; };
		18A33DDE2324FFCC00DFDBB6 /* ItemDetailPlusCell.swift in Sources */ = {isa = PBXBuildFile; fileRef = 18A33DDD2324FFCB00DFDBB6 /* ItemDetailPlusCell.swift */; };
		18A33DE02325007300DFDBB6 /* ItemDetailPlusCell.xib in Resources */ = {isa = PBXBuildFile; fileRef = 18A33DDF2325007300DFDBB6 /* ItemDetailPlusCell.xib */; };
		18A33DE22326AAE400DFDBB6 /* ItemListPlusCell.xib in Resources */ = {isa = PBXBuildFile; fileRef = 18A33DE12326AAE400DFDBB6 /* ItemListPlusCell.xib */; };
		18A33DE42326AAFA00DFDBB6 /* ItemListPlusCell.swift in Sources */ = {isa = PBXBuildFile; fileRef = 18A33DE32326AAFA00DFDBB6 /* ItemListPlusCell.swift */; };
		18A934CF2291727D009C6ADF /* R.generated.swift in Sources */ = {isa = PBXBuildFile; fileRef = 18A934CE2291727D009C6ADF /* R.generated.swift */; };
		18B5506321C559FF004EC438 /* ItemAction.swift in Sources */ = {isa = PBXBuildFile; fileRef = 18B5506221C559FF004EC438 /* ItemAction.swift */; };
		18B5506521C55A14004EC438 /* ItemReducer.swift in Sources */ = {isa = PBXBuildFile; fileRef = 18B5506421C55A14004EC438 /* ItemReducer.swift */; };
		18B5506721C56104004EC438 /* ItemStore.swift in Sources */ = {isa = PBXBuildFile; fileRef = 18B5506621C56104004EC438 /* ItemStore.swift */; };
		18B975C822FE945700E7DD8D /* AppStore.swift in Sources */ = {isa = PBXBuildFile; fileRef = 18B975C722FE945700E7DD8D /* AppStore.swift */; };
		18C832BE218ADAD500ED37A1 /* Storage.swift in Sources */ = {isa = PBXBuildFile; fileRef = 18C832BD218ADAD500ED37A1 /* Storage.swift */; };
		18CCFFFF21E84A0B0075BA6B /* Date+Extension.swift in Sources */ = {isa = PBXBuildFile; fileRef = 18CCFFFE21E84A0B0075BA6B /* Date+Extension.swift */; };
		18D74DA321C8DA7900612351 /* EnumCollection.swift in Sources */ = {isa = PBXBuildFile; fileRef = 18D74DA221C8DA7800612351 /* EnumCollection.swift */; };
		18D7C6D9220EB81000FF8529 /* MotionDevice.swift in Sources */ = {isa = PBXBuildFile; fileRef = 18D7C6D8220EB81000FF8529 /* MotionDevice.swift */; };
		18D9A05121C4109F008EFA72 /* ItemTemp.swift in Sources */ = {isa = PBXBuildFile; fileRef = 18D9A05021C4109F008EFA72 /* ItemTemp.swift */; };
		18E7A71E218EE4E800F7E689 /* ReactiveReSwiftBridge.swift in Sources */ = {isa = PBXBuildFile; fileRef = 18E7A71D218EE4E800F7E689 /* ReactiveReSwiftBridge.swift */; };
		18E7A724218EFDF600F7E689 /* ItemListState.swift in Sources */ = {isa = PBXBuildFile; fileRef = 18E7A723218EFDF600F7E689 /* ItemListState.swift */; };
		18E7A726218EFE5200F7E689 /* ItemListReducer.swift in Sources */ = {isa = PBXBuildFile; fileRef = 18E7A725218EFE5200F7E689 /* ItemListReducer.swift */; };
		18E7A728218EFEDD00F7E689 /* ItemListAction.swift in Sources */ = {isa = PBXBuildFile; fileRef = 18E7A727218EFEDD00F7E689 /* ItemListAction.swift */; };
		18E7A72A218EFF9900F7E689 /* ItemListStore.swift in Sources */ = {isa = PBXBuildFile; fileRef = 18E7A729218EFF9900F7E689 /* ItemListStore.swift */; };
		18EDCF5021899E3900B233B9 /* Item.swift in Sources */ = {isa = PBXBuildFile; fileRef = 18EDCF4F21899E3800B233B9 /* Item.swift */; };
		18EDCF5221899EC500B233B9 /* Configuration.swift in Sources */ = {isa = PBXBuildFile; fileRef = 18EDCF5121899EC500B233B9 /* Configuration.swift */; };
		18EDCF5421899F3100B233B9 /* GroupItem.swift in Sources */ = {isa = PBXBuildFile; fileRef = 18EDCF5321899F3100B233B9 /* GroupItem.swift */; };
		18EDCF5A2189A0F900B233B9 /* ItemListCell.swift in Sources */ = {isa = PBXBuildFile; fileRef = 18EDCF592189A0F900B233B9 /* ItemListCell.swift */; };
		18EDCF5C2189A46500B233B9 /* ItemListViewController.swift in Sources */ = {isa = PBXBuildFile; fileRef = 18EDCF5B2189A46500B233B9 /* ItemListViewController.swift */; };
		18EDCF5E2189A4AC00B233B9 /* ItemListViewController.storyboard in Resources */ = {isa = PBXBuildFile; fileRef = 18EDCF5D2189A4AC00B233B9 /* ItemListViewController.storyboard */; };
		18EDCF602189AF3600B233B9 /* ItemListCell.xib in Resources */ = {isa = PBXBuildFile; fileRef = 18EDCF5F2189AF3600B233B9 /* ItemListCell.xib */; };
		18F214FD22F9EAAA0001CD67 /* ItemListStateTests.swift in Sources */ = {isa = PBXBuildFile; fileRef = 18F214FC22F9EAAA0001CD67 /* ItemListStateTests.swift */; };
		5B04F00A227AE8F80096FBA1 /* LineChart3ViewController.xib in Resources */ = {isa = PBXBuildFile; fileRef = 5B04F009227AE8F80096FBA1 /* LineChart3ViewController.xib */; };
		5B04F00C227AE9190096FBA1 /* LineChart3ViewController.swift in Sources */ = {isa = PBXBuildFile; fileRef = 5B04F00B227AE9190096FBA1 /* LineChart3ViewController.swift */; };
		5B04F00E227AEEAF0096FBA1 /* PositiveNegativeBarChartViewController.swift in Sources */ = {isa = PBXBuildFile; fileRef = 5B04F00D227AEEAF0096FBA1 /* PositiveNegativeBarChartViewController.swift */; };
		5B04F010227AEEBD0096FBA1 /* PositiveNegativeBarChartViewController.xib in Resources */ = {isa = PBXBuildFile; fileRef = 5B04F00F227AEEBD0096FBA1 /* PositiveNegativeBarChartViewController.xib */; };
		5B2CD58522896DB600EA8B25 /* UIColor+Extension.swift in Sources */ = {isa = PBXBuildFile; fileRef = 5B2CD58422896DB600EA8B25 /* UIColor+Extension.swift */; };
		5B2CD58722896E5400EA8B25 /* UIFont+Extension.swift in Sources */ = {isa = PBXBuildFile; fileRef = 5B2CD58622896E5400EA8B25 /* UIFont+Extension.swift */; };
		5B2CD589228973A400EA8B25 /* UIView+Extension.swift in Sources */ = {isa = PBXBuildFile; fileRef = 5B2CD588228973A400EA8B25 /* UIView+Extension.swift */; };
		A59DAFE837AFE2D8DBBFBDD6 /* Pods_IoTGarden.framework in Frameworks */ = {isa = PBXBuildFile; fileRef = 881F9D4DBC2B015F5C29BAFA /* Pods_IoTGarden.framework */; };
		CD33D8E05ADBF25FEC4AE43C /* Pods_IoTGardenUITests.framework in Frameworks */ = {isa = PBXBuildFile; fileRef = C4541BBD3F476D037AD1CF4F /* Pods_IoTGardenUITests.framework */; };
		DACEC2CC87FAFB78D3356B5E /* Pods_IoTGardenTests.framework in Frameworks */ = {isa = PBXBuildFile; fileRef = B7F13111F13601CE88D0773A /* Pods_IoTGardenTests.framework */; };
/* End PBXBuildFile section */

/* Begin PBXContainerItemProxy section */
		18A0431C21894CD4005E04D4 /* PBXContainerItemProxy */ = {
			isa = PBXContainerItemProxy;
			containerPortal = 18A042FC21894CD2005E04D4 /* Project object */;
			proxyType = 1;
			remoteGlobalIDString = 18A0430321894CD2005E04D4;
			remoteInfo = IoTGarden;
		};
		18A0432721894CD4005E04D4 /* PBXContainerItemProxy */ = {
			isa = PBXContainerItemProxy;
			containerPortal = 18A042FC21894CD2005E04D4 /* Project object */;
			proxyType = 1;
			remoteGlobalIDString = 18A0430321894CD2005E04D4;
			remoteInfo = IoTGarden;
		};
/* End PBXContainerItemProxy section */

/* Begin PBXFileReference section */
		04F247FB23378B80003239B6 /* ItemTopic.storyboard */ = {isa = PBXFileReference; lastKnownFileType = file.storyboard; path = ItemTopic.storyboard; sourceTree = "<group>"; };
		04F247FD23378B9B003239B6 /* ItemTopicViewController.swift */ = {isa = PBXFileReference; lastKnownFileType = sourcecode.swift; path = ItemTopicViewController.swift; sourceTree = "<group>"; };
		04F247FF23378C53003239B6 /* ItemTopicSection.swift */ = {isa = PBXFileReference; lastKnownFileType = sourcecode.swift; path = ItemTopicSection.swift; sourceTree = "<group>"; };
		04F2480123378DE7003239B6 /* ItemTopicCell.swift */ = {isa = PBXFileReference; lastKnownFileType = sourcecode.swift; path = ItemTopicCell.swift; sourceTree = "<group>"; };
		04F2480323378DF6003239B6 /* ItemTopicCell.xib */ = {isa = PBXFileReference; lastKnownFileType = file.xib; path = ItemTopicCell.xib; sourceTree = "<group>"; };
		04F2480523378E04003239B6 /* ItemTopicServerCell.swift */ = {isa = PBXFileReference; lastKnownFileType = sourcecode.swift; path = ItemTopicServerCell.swift; sourceTree = "<group>"; };
		04F2480723378E25003239B6 /* ItemTopicServerCell.xib */ = {isa = PBXFileReference; lastKnownFileType = file.xib; path = ItemTopicServerCell.xib; sourceTree = "<group>"; };
		1803374B21C9EDC90098F944 /* SensorMapping.swift */ = {isa = PBXFileReference; lastKnownFileType = sourcecode.swift; path = SensorMapping.swift; sourceTree = "<group>"; };
		1803375321CA2A6B0098F944 /* DataInteractor.swift */ = {isa = PBXFileReference; lastKnownFileType = sourcecode.swift; path = DataInteractor.swift; sourceTree = "<group>"; };
		1803375521CA9B130098F944 /* Sensor.swift */ = {isa = PBXFileReference; lastKnownFileType = sourcecode.swift; path = Sensor.swift; sourceTree = "<group>"; };
		1803375821CB3BAE0098F944 /* Device.swift */ = {isa = PBXFileReference; lastKnownFileType = sourcecode.swift; path = Device.swift; sourceTree = "<group>"; };
		1803375A21CB3C070098F944 /* SwitchCellViewModel.swift */ = {isa = PBXFileReference; lastKnownFileType = sourcecode.swift; path = SwitchCellViewModel.swift; sourceTree = "<group>"; };
		1803375C21CB3C350098F944 /* TemperatureDevice.swift */ = {isa = PBXFileReference; lastKnownFileType = sourcecode.swift; path = TemperatureDevice.swift; sourceTree = "<group>"; };
		1803375F21CB41640098F944 /* SensorConnect.swift */ = {isa = PBXFileReference; lastKnownFileType = sourcecode.swift; path = SensorConnect.swift; sourceTree = "<group>"; };
		1803376221CB954D0098F944 /* ConfigurationsDataInteractor.swift */ = {isa = PBXFileReference; lastKnownFileType = sourcecode.swift; path = ConfigurationsDataInteractor.swift; sourceTree = "<group>"; };
		1803376421CBA9860098F944 /* TemperatureCell.swift */ = {isa = PBXFileReference; lastKnownFileType = sourcecode.swift; path = TemperatureCell.swift; sourceTree = "<group>"; };
		1803376621CBA9A20098F944 /* TemperatureCell.xib */ = {isa = PBXFileReference; lastKnownFileType = file.xib; path = TemperatureCell.xib; sourceTree = "<group>"; };
		1803376821CBAC7D0098F944 /* HumidityCell.swift */ = {isa = PBXFileReference; lastKnownFileType = sourcecode.swift; path = HumidityCell.swift; sourceTree = "<group>"; };
		1803376A21CBAC900098F944 /* HumidityCell.xib */ = {isa = PBXFileReference; lastKnownFileType = file.xib; path = HumidityCell.xib; sourceTree = "<group>"; };
		1803376C21CBBA660098F944 /* CellCreator.swift */ = {isa = PBXFileReference; lastKnownFileType = sourcecode.swift; path = CellCreator.swift; sourceTree = "<group>"; };
		1803376E21CBED960098F944 /* HumidityDevice.swift */ = {isa = PBXFileReference; lastKnownFileType = sourcecode.swift; path = HumidityDevice.swift; sourceTree = "<group>"; };
		1803377521CBF5480098F944 /* SelectionViewController.swift */ = {isa = PBXFileReference; lastKnownFileType = sourcecode.swift; path = SelectionViewController.swift; sourceTree = "<group>"; };
		1803377721CBF6CC0098F944 /* SelectionCell.xib */ = {isa = PBXFileReference; lastKnownFileType = file.xib; path = SelectionCell.xib; sourceTree = "<group>"; };
		1803377921CBF7310098F944 /* SelectionCell.swift */ = {isa = PBXFileReference; lastKnownFileType = sourcecode.swift; path = SelectionCell.swift; sourceTree = "<group>"; };
		181BAC6B220DD2B700A0D458 /* MotionCell.xib */ = {isa = PBXFileReference; lastKnownFileType = file.xib; path = MotionCell.xib; sourceTree = "<group>"; };
		181BAC6D220DD2D400A0D458 /* MotionCell.swift */ = {isa = PBXFileReference; lastKnownFileType = sourcecode.swift; path = MotionCell.swift; sourceTree = "<group>"; };
		181BAC71220DE57100A0D458 /* SensorRequest.swift */ = {isa = PBXFileReference; lastKnownFileType = sourcecode.swift; path = SensorRequest.swift; sourceTree = "<group>"; };
		181F50A322F1FEAE00EA89D1 /* AppState.swift */ = {isa = PBXFileReference; lastKnownFileType = sourcecode.swift; path = AppState.swift; sourceTree = "<group>"; };
		18243662227D8DC80009F7EA /* CandleStickChartViewController.swift */ = {isa = PBXFileReference; lastKnownFileType = sourcecode.swift; path = CandleStickChartViewController.swift; sourceTree = "<group>"; };
		1826C624218F51B700A5CE38 /* ItemListService.swift */ = {isa = PBXFileReference; lastKnownFileType = sourcecode.swift; path = ItemListService.swift; sourceTree = "<group>"; };
		18339BDF21C9493E00CC2269 /* IoTGarden.xcdatamodel */ = {isa = PBXFileReference; lastKnownFileType = wrapper.xcdatamodel; path = IoTGarden.xcdatamodel; sourceTree = "<group>"; };
		18339BE221C9496100CC2269 /* ItemList.xcdatamodel */ = {isa = PBXFileReference; lastKnownFileType = wrapper.xcdatamodel; path = ItemList.xcdatamodel; sourceTree = "<group>"; };
		1836B9D4227D916200CF6F66 /* CandleStickChartViewController.xib */ = {isa = PBXFileReference; lastKnownFileType = file.xib; path = CandleStickChartViewController.xib; sourceTree = "<group>"; };
		183A91FC22EAFEA600EBDC4A /* ItemDetailServerViewController.swift */ = {isa = PBXFileReference; lastKnownFileType = sourcecode.swift; path = ItemDetailServerViewController.swift; sourceTree = "<group>"; };
		183A91FE22EAFFAB00EBDC4A /* ItemDetail.storyboard */ = {isa = PBXFileReference; lastKnownFileType = file.storyboard; path = ItemDetail.storyboard; sourceTree = "<group>"; };
		183A920022EB53FC00EBDC4A /* ItemDetailTopicViewController.swift */ = {isa = PBXFileReference; lastKnownFileType = sourcecode.swift; path = ItemDetailTopicViewController.swift; sourceTree = "<group>"; };
		183A920222EC023D00EBDC4A /* SensorConnect2.swift */ = {isa = PBXFileReference; lastKnownFileType = sourcecode.swift; path = SensorConnect2.swift; sourceTree = "<group>"; };
		1846AB52218A9E7800F46053 /* ItemDetailViewController.swift */ = {isa = PBXFileReference; lastKnownFileType = sourcecode.swift; path = ItemDetailViewController.swift; sourceTree = "<group>"; };
		1846AB56218AA3B800F46053 /* AddItemViewController.swift */ = {isa = PBXFileReference; lastKnownFileType = sourcecode.swift; path = AddItemViewController.swift; sourceTree = "<group>"; };
		1846AB58218AA3E100F46053 /* AddItemViewController.storyboard */ = {isa = PBXFileReference; lastKnownFileType = file.storyboard; path = AddItemViewController.storyboard; sourceTree = "<group>"; };
		1852DBA12192960D002E1946 /* AddItemView.swift */ = {isa = PBXFileReference; lastKnownFileType = sourcecode.swift; path = AddItemView.swift; sourceTree = "<group>"; };
		1852DBA321931E16002E1946 /* AddItemSavingViewController.swift */ = {isa = PBXFileReference; lastKnownFileType = sourcecode.swift; path = AddItemSavingViewController.swift; sourceTree = "<group>"; };
		1852DBA521931FA5002E1946 /* AddItemSavingView.swift */ = {isa = PBXFileReference; lastKnownFileType = sourcecode.swift; path = AddItemSavingView.swift; sourceTree = "<group>"; };
		1854087921C40BF000984268 /* ItemDetailTempViewController.swift */ = {isa = PBXFileReference; lastKnownFileType = sourcecode.swift; path = ItemDetailTempViewController.swift; sourceTree = "<group>"; };
		1854087F21C40D0A00984268 /* ItemDetailTempViewController.storyboard */ = {isa = PBXFileReference; lastKnownFileType = file.storyboard; path = ItemDetailTempViewController.storyboard; sourceTree = "<group>"; };
		18577AA8228816C6007FB9E4 /* BarChartViewController.swift */ = {isa = PBXFileReference; lastKnownFileType = sourcecode.swift; path = BarChartViewController.swift; sourceTree = "<group>"; };
		18577AAA228816DC007FB9E4 /* BarChartViewController.xib */ = {isa = PBXFileReference; lastKnownFileType = file.xib; path = BarChartViewController.xib; sourceTree = "<group>"; };
		18592A072321699100DFB310 /* ItemDetailSwitchCell.xib */ = {isa = PBXFileReference; lastKnownFileType = file.xib; path = ItemDetailSwitchCell.xib; sourceTree = "<group>"; };
		18592A09232169AE00DFB310 /* ItemDetailSwitchCell.swift */ = {isa = PBXFileReference; lastKnownFileType = sourcecode.swift; path = ItemDetailSwitchCell.swift; sourceTree = "<group>"; };
		18592A0B23216C0000DFB310 /* ItemDetailFooterCell.swift */ = {isa = PBXFileReference; lastKnownFileType = sourcecode.swift; path = ItemDetailFooterCell.swift; sourceTree = "<group>"; };
		18592A0D23216C1500DFB310 /* ItemDetailFooterCell.xib */ = {isa = PBXFileReference; lastKnownFileType = file.xib; path = ItemDetailFooterCell.xib; sourceTree = "<group>"; };
		185FF15122ABB0B7003C0DDF /* ItemInputValueCell.swift */ = {isa = PBXFileReference; lastKnownFileType = sourcecode.swift; path = ItemInputValueCell.swift; sourceTree = "<group>"; };
		185FF15322ABB0DD003C0DDF /* ItemInputValueCell.xib */ = {isa = PBXFileReference; lastKnownFileType = file.xib; path = ItemInputValueCell.xib; sourceTree = "<group>"; };
		185FF15522ABB5B3003C0DDF /* InputDevice.swift */ = {isa = PBXFileReference; lastKnownFileType = sourcecode.swift; path = InputDevice.swift; sourceTree = "<group>"; };
		1862B3DB21E305D200CFD7F1 /* icon_temp.png */ = {isa = PBXFileReference; lastKnownFileType = image.png; path = icon_temp.png; sourceTree = "<group>"; };
		1862B3DD21E32A7200CFD7F1 /* icon_humi.png */ = {isa = PBXFileReference; lastKnownFileType = image.png; path = icon_humi.png; sourceTree = "<group>"; };
		1864B73522B7F22100B9DCE7 /* ItemDetailState.swift */ = {isa = PBXFileReference; lastKnownFileType = sourcecode.swift; path = ItemDetailState.swift; sourceTree = "<group>"; };
		1864B73722B7F45B00B9DCE7 /* ItemDetailReducer.swift */ = {isa = PBXFileReference; lastKnownFileType = sourcecode.swift; path = ItemDetailReducer.swift; sourceTree = "<group>"; };
		1864B73A22BA8C1400B9DCE7 /* ItemDetailAction.swift */ = {isa = PBXFileReference; lastKnownFileType = sourcecode.swift; path = ItemDetailAction.swift; sourceTree = "<group>"; };
		1864B73C22BE363000B9DCE7 /* ItemDetailStore.swift */ = {isa = PBXFileReference; lastKnownFileType = sourcecode.swift; path = ItemDetailStore.swift; sourceTree = "<group>"; };
		1864B74022C7D1FD00B9DCE7 /* MQTTService.swift */ = {isa = PBXFileReference; lastKnownFileType = sourcecode.swift; path = MQTTService.swift; sourceTree = "<group>"; };
		186AB60F233287430017F935 /* ConnectionsViewController.swift */ = {isa = PBXFileReference; lastKnownFileType = sourcecode.swift; path = ConnectionsViewController.swift; sourceTree = "<group>"; };
		186AB6112332875F0017F935 /* Connection.storyboard */ = {isa = PBXFileReference; lastKnownFileType = file.storyboard; path = Connection.storyboard; sourceTree = "<group>"; };
		186AB613233289470017F935 /* ConnectionSection.swift */ = {isa = PBXFileReference; lastKnownFileType = sourcecode.swift; path = ConnectionSection.swift; sourceTree = "<group>"; };
		186AB615233289A20017F935 /* ConnectionViewModel.swift */ = {isa = PBXFileReference; lastKnownFileType = sourcecode.swift; path = ConnectionViewModel.swift; sourceTree = "<group>"; };
		186AB61723328A360017F935 /* ConnectionCell.swift */ = {isa = PBXFileReference; lastKnownFileType = sourcecode.swift; path = ConnectionCell.swift; sourceTree = "<group>"; };
		186AB61923328A7D0017F935 /* ConnectionCell.xib */ = {isa = PBXFileReference; lastKnownFileType = file.xib; path = ConnectionCell.xib; sourceTree = "<group>"; };
		186AB61C23328EE80017F935 /* AddItem.storyboard */ = {isa = PBXFileReference; lastKnownFileType = file.storyboard; path = AddItem.storyboard; sourceTree = "<group>"; };
		186AB61E23328F120017F935 /* AddItemTopicViewController.swift */ = {isa = PBXFileReference; lastKnownFileType = sourcecode.swift; path = AddItemTopicViewController.swift; sourceTree = "<group>"; };
		186AB62023328FB30017F935 /* AddItemTopicCell.swift */ = {isa = PBXFileReference; lastKnownFileType = sourcecode.swift; path = AddItemTopicCell.swift; sourceTree = "<group>"; };
		186AB62223328FFF0017F935 /* AddItemTopicCell.xib */ = {isa = PBXFileReference; lastKnownFileType = file.xib; path = AddItemTopicCell.xib; sourceTree = "<group>"; };
		186AB624233291080017F935 /* AddItemTopicSection.swift */ = {isa = PBXFileReference; lastKnownFileType = sourcecode.swift; path = AddItemTopicSection.swift; sourceTree = "<group>"; };
		186AB6262332913D0017F935 /* AddItemTopicViewModel.swift */ = {isa = PBXFileReference; lastKnownFileType = sourcecode.swift; path = AddItemTopicViewModel.swift; sourceTree = "<group>"; };
		189C812C2311397D00E4BC95 /* ItemDetailHeaderCell.swift */ = {isa = PBXFileReference; lastKnownFileType = sourcecode.swift; path = ItemDetailHeaderCell.swift; sourceTree = "<group>"; };
		189C812E231139C800E4BC95 /* ItemDetailHeaderCell.xib */ = {isa = PBXFileReference; lastKnownFileType = file.xib; path = ItemDetailHeaderCell.xib; sourceTree = "<group>"; };
		189C813023113A8A00E4BC95 /* ItemDetailTopicCell.swift */ = {isa = PBXFileReference; lastKnownFileType = sourcecode.swift; path = ItemDetailTopicCell.swift; sourceTree = "<group>"; };
		189C813223113AA100E4BC95 /* ItemDetailTopicCell.xib */ = {isa = PBXFileReference; lastKnownFileType = file.xib; path = ItemDetailTopicCell.xib; sourceTree = "<group>"; };
		18A0430421894CD2005E04D4 /* IoTGarden.app */ = {isa = PBXFileReference; explicitFileType = wrapper.application; includeInIndex = 0; path = IoTGarden.app; sourceTree = BUILT_PRODUCTS_DIR; };
		18A0430721894CD2005E04D4 /* AppDelegate.swift */ = {isa = PBXFileReference; lastKnownFileType = sourcecode.swift; path = AppDelegate.swift; sourceTree = "<group>"; };
		18A0431121894CD4005E04D4 /* Assets.xcassets */ = {isa = PBXFileReference; lastKnownFileType = folder.assetcatalog; path = Assets.xcassets; sourceTree = "<group>"; };
		18A0431421894CD4005E04D4 /* Base */ = {isa = PBXFileReference; lastKnownFileType = file.storyboard; name = Base; path = Base.lproj/LaunchScreen.storyboard; sourceTree = "<group>"; };
		18A0431621894CD4005E04D4 /* Info.plist */ = {isa = PBXFileReference; lastKnownFileType = text.plist.xml; path = Info.plist; sourceTree = "<group>"; };
		18A0431B21894CD4005E04D4 /* IoTGardenTests.xctest */ = {isa = PBXFileReference; explicitFileType = wrapper.cfbundle; includeInIndex = 0; path = IoTGardenTests.xctest; sourceTree = BUILT_PRODUCTS_DIR; };
		18A0431F21894CD4005E04D4 /* IoTGardenTests.swift */ = {isa = PBXFileReference; lastKnownFileType = sourcecode.swift; path = IoTGardenTests.swift; sourceTree = "<group>"; };
		18A0432121894CD4005E04D4 /* Info.plist */ = {isa = PBXFileReference; lastKnownFileType = text.plist.xml; path = Info.plist; sourceTree = "<group>"; };
		18A0432621894CD4005E04D4 /* IoTGardenUITests.xctest */ = {isa = PBXFileReference; explicitFileType = wrapper.cfbundle; includeInIndex = 0; path = IoTGardenUITests.xctest; sourceTree = BUILT_PRODUCTS_DIR; };
		18A0432A21894CD4005E04D4 /* IoTGardenUITests.swift */ = {isa = PBXFileReference; lastKnownFileType = sourcecode.swift; path = IoTGardenUITests.swift; sourceTree = "<group>"; };
		18A0432C21894CD4005E04D4 /* Info.plist */ = {isa = PBXFileReference; lastKnownFileType = text.plist.xml; path = Info.plist; sourceTree = "<group>"; };
		18A33DD92324FAAE00DFDBB6 /* ItemDetailTrashCell.xib */ = {isa = PBXFileReference; lastKnownFileType = file.xib; path = ItemDetailTrashCell.xib; sourceTree = "<group>"; };
		18A33DDB2324FAD800DFDBB6 /* ItemDetailTrashCell.swift */ = {isa = PBXFileReference; lastKnownFileType = sourcecode.swift; path = ItemDetailTrashCell.swift; sourceTree = "<group>"; };
		18A33DDD2324FFCB00DFDBB6 /* ItemDetailPlusCell.swift */ = {isa = PBXFileReference; lastKnownFileType = sourcecode.swift; path = ItemDetailPlusCell.swift; sourceTree = "<group>"; };
		18A33DDF2325007300DFDBB6 /* ItemDetailPlusCell.xib */ = {isa = PBXFileReference; lastKnownFileType = file.xib; path = ItemDetailPlusCell.xib; sourceTree = "<group>"; };
		18A33DE12326AAE400DFDBB6 /* ItemListPlusCell.xib */ = {isa = PBXFileReference; lastKnownFileType = file.xib; path = ItemListPlusCell.xib; sourceTree = "<group>"; };
		18A33DE32326AAFA00DFDBB6 /* ItemListPlusCell.swift */ = {isa = PBXFileReference; lastKnownFileType = sourcecode.swift; path = ItemListPlusCell.swift; sourceTree = "<group>"; };
		18A934CE2291727D009C6ADF /* R.generated.swift */ = {isa = PBXFileReference; fileEncoding = 4; lastKnownFileType = sourcecode.swift; path = R.generated.swift; sourceTree = SOURCE_ROOT; };
		18B5506221C559FF004EC438 /* ItemAction.swift */ = {isa = PBXFileReference; lastKnownFileType = sourcecode.swift; path = ItemAction.swift; sourceTree = "<group>"; };
		18B5506421C55A14004EC438 /* ItemReducer.swift */ = {isa = PBXFileReference; lastKnownFileType = sourcecode.swift; path = ItemReducer.swift; sourceTree = "<group>"; };
		18B5506621C56104004EC438 /* ItemStore.swift */ = {isa = PBXFileReference; lastKnownFileType = sourcecode.swift; path = ItemStore.swift; sourceTree = "<group>"; };
		18B975C722FE945700E7DD8D /* AppStore.swift */ = {isa = PBXFileReference; lastKnownFileType = sourcecode.swift; path = AppStore.swift; sourceTree = "<group>"; };
		18C832BD218ADAD500ED37A1 /* Storage.swift */ = {isa = PBXFileReference; lastKnownFileType = sourcecode.swift; path = Storage.swift; sourceTree = "<group>"; };
		18CCFFFE21E84A0B0075BA6B /* Date+Extension.swift */ = {isa = PBXFileReference; lastKnownFileType = sourcecode.swift; path = "Date+Extension.swift"; sourceTree = "<group>"; };
		18D74DA221C8DA7800612351 /* EnumCollection.swift */ = {isa = PBXFileReference; fileEncoding = 4; lastKnownFileType = sourcecode.swift; path = EnumCollection.swift; sourceTree = "<group>"; };
		18D7C6D8220EB81000FF8529 /* MotionDevice.swift */ = {isa = PBXFileReference; lastKnownFileType = sourcecode.swift; path = MotionDevice.swift; sourceTree = "<group>"; };
		18D9A05021C4109F008EFA72 /* ItemTemp.swift */ = {isa = PBXFileReference; lastKnownFileType = sourcecode.swift; path = ItemTemp.swift; sourceTree = "<group>"; };
		18E7A71D218EE4E800F7E689 /* ReactiveReSwiftBridge.swift */ = {isa = PBXFileReference; lastKnownFileType = sourcecode.swift; path = ReactiveReSwiftBridge.swift; sourceTree = "<group>"; };
		18E7A723218EFDF600F7E689 /* ItemListState.swift */ = {isa = PBXFileReference; lastKnownFileType = sourcecode.swift; path = ItemListState.swift; sourceTree = "<group>"; };
		18E7A725218EFE5200F7E689 /* ItemListReducer.swift */ = {isa = PBXFileReference; lastKnownFileType = sourcecode.swift; path = ItemListReducer.swift; sourceTree = "<group>"; };
		18E7A727218EFEDD00F7E689 /* ItemListAction.swift */ = {isa = PBXFileReference; lastKnownFileType = sourcecode.swift; path = ItemListAction.swift; sourceTree = "<group>"; };
		18E7A729218EFF9900F7E689 /* ItemListStore.swift */ = {isa = PBXFileReference; lastKnownFileType = sourcecode.swift; path = ItemListStore.swift; sourceTree = "<group>"; };
		18EDCF4F21899E3800B233B9 /* Item.swift */ = {isa = PBXFileReference; lastKnownFileType = sourcecode.swift; path = Item.swift; sourceTree = "<group>"; };
		18EDCF5121899EC500B233B9 /* Configuration.swift */ = {isa = PBXFileReference; lastKnownFileType = sourcecode.swift; path = Configuration.swift; sourceTree = "<group>"; };
		18EDCF5321899F3100B233B9 /* GroupItem.swift */ = {isa = PBXFileReference; lastKnownFileType = sourcecode.swift; path = GroupItem.swift; sourceTree = "<group>"; };
		18EDCF592189A0F900B233B9 /* ItemListCell.swift */ = {isa = PBXFileReference; lastKnownFileType = sourcecode.swift; path = ItemListCell.swift; sourceTree = "<group>"; };
		18EDCF5B2189A46500B233B9 /* ItemListViewController.swift */ = {isa = PBXFileReference; lastKnownFileType = sourcecode.swift; path = ItemListViewController.swift; sourceTree = "<group>"; };
		18EDCF5D2189A4AC00B233B9 /* ItemListViewController.storyboard */ = {isa = PBXFileReference; lastKnownFileType = file.storyboard; path = ItemListViewController.storyboard; sourceTree = "<group>"; };
		18EDCF5F2189AF3600B233B9 /* ItemListCell.xib */ = {isa = PBXFileReference; lastKnownFileType = file.xib; path = ItemListCell.xib; sourceTree = "<group>"; };
		18F214FC22F9EAAA0001CD67 /* ItemListStateTests.swift */ = {isa = PBXFileReference; lastKnownFileType = sourcecode.swift; path = ItemListStateTests.swift; sourceTree = "<group>"; };
		26FF11245553B5B9CB0BEA4C /* Pods-IoTGardenTests.release.xcconfig */ = {isa = PBXFileReference; includeInIndex = 1; lastKnownFileType = text.xcconfig; name = "Pods-IoTGardenTests.release.xcconfig"; path = "Pods/Target Support Files/Pods-IoTGardenTests/Pods-IoTGardenTests.release.xcconfig"; sourceTree = "<group>"; };
		4EA2DE0DB42AD6B50F8BDB54 /* Pods-IoTGardenTests.debug.xcconfig */ = {isa = PBXFileReference; includeInIndex = 1; lastKnownFileType = text.xcconfig; name = "Pods-IoTGardenTests.debug.xcconfig"; path = "Pods/Target Support Files/Pods-IoTGardenTests/Pods-IoTGardenTests.debug.xcconfig"; sourceTree = "<group>"; };
		5B04F009227AE8F80096FBA1 /* LineChart3ViewController.xib */ = {isa = PBXFileReference; fileEncoding = 4; lastKnownFileType = file.xib; path = LineChart3ViewController.xib; sourceTree = "<group>"; };
		5B04F00B227AE9190096FBA1 /* LineChart3ViewController.swift */ = {isa = PBXFileReference; fileEncoding = 4; lastKnownFileType = sourcecode.swift; path = LineChart3ViewController.swift; sourceTree = "<group>"; };
		5B04F00D227AEEAF0096FBA1 /* PositiveNegativeBarChartViewController.swift */ = {isa = PBXFileReference; lastKnownFileType = sourcecode.swift; path = PositiveNegativeBarChartViewController.swift; sourceTree = "<group>"; };
		5B04F00F227AEEBD0096FBA1 /* PositiveNegativeBarChartViewController.xib */ = {isa = PBXFileReference; lastKnownFileType = file.xib; path = PositiveNegativeBarChartViewController.xib; sourceTree = "<group>"; };
		5B2CD58422896DB600EA8B25 /* UIColor+Extension.swift */ = {isa = PBXFileReference; lastKnownFileType = sourcecode.swift; path = "UIColor+Extension.swift"; sourceTree = "<group>"; };
		5B2CD58622896E5400EA8B25 /* UIFont+Extension.swift */ = {isa = PBXFileReference; lastKnownFileType = sourcecode.swift; path = "UIFont+Extension.swift"; sourceTree = "<group>"; };
		5B2CD588228973A400EA8B25 /* UIView+Extension.swift */ = {isa = PBXFileReference; lastKnownFileType = sourcecode.swift; path = "UIView+Extension.swift"; sourceTree = "<group>"; };
		881F9D4DBC2B015F5C29BAFA /* Pods_IoTGarden.framework */ = {isa = PBXFileReference; explicitFileType = wrapper.framework; includeInIndex = 0; path = Pods_IoTGarden.framework; sourceTree = BUILT_PRODUCTS_DIR; };
		90D107BBD3DCEB69725EA355 /* Pods-IoTGardenUITests.release.xcconfig */ = {isa = PBXFileReference; includeInIndex = 1; lastKnownFileType = text.xcconfig; name = "Pods-IoTGardenUITests.release.xcconfig"; path = "Pods/Target Support Files/Pods-IoTGardenUITests/Pods-IoTGardenUITests.release.xcconfig"; sourceTree = "<group>"; };
		B7F13111F13601CE88D0773A /* Pods_IoTGardenTests.framework */ = {isa = PBXFileReference; explicitFileType = wrapper.framework; includeInIndex = 0; path = Pods_IoTGardenTests.framework; sourceTree = BUILT_PRODUCTS_DIR; };
		C397D18E5EE8BB6B5777179D /* Pods-IoTGarden.release.xcconfig */ = {isa = PBXFileReference; includeInIndex = 1; lastKnownFileType = text.xcconfig; name = "Pods-IoTGarden.release.xcconfig"; path = "Pods/Target Support Files/Pods-IoTGarden/Pods-IoTGarden.release.xcconfig"; sourceTree = "<group>"; };
		C4541BBD3F476D037AD1CF4F /* Pods_IoTGardenUITests.framework */ = {isa = PBXFileReference; explicitFileType = wrapper.framework; includeInIndex = 0; path = Pods_IoTGardenUITests.framework; sourceTree = BUILT_PRODUCTS_DIR; };
		E5D9503F7F307460CD4526D8 /* Pods-IoTGardenUITests.debug.xcconfig */ = {isa = PBXFileReference; includeInIndex = 1; lastKnownFileType = text.xcconfig; name = "Pods-IoTGardenUITests.debug.xcconfig"; path = "Pods/Target Support Files/Pods-IoTGardenUITests/Pods-IoTGardenUITests.debug.xcconfig"; sourceTree = "<group>"; };
		F67062452CC96EA3E8E06F13 /* Pods-IoTGarden.debug.xcconfig */ = {isa = PBXFileReference; includeInIndex = 1; lastKnownFileType = text.xcconfig; name = "Pods-IoTGarden.debug.xcconfig"; path = "Pods/Target Support Files/Pods-IoTGarden/Pods-IoTGarden.debug.xcconfig"; sourceTree = "<group>"; };
/* End PBXFileReference section */

/* Begin PBXFrameworksBuildPhase section */
		18A0430121894CD2005E04D4 /* Frameworks */ = {
			isa = PBXFrameworksBuildPhase;
			buildActionMask = 2147483647;
			files = (
				A59DAFE837AFE2D8DBBFBDD6 /* Pods_IoTGarden.framework in Frameworks */,
			);
			runOnlyForDeploymentPostprocessing = 0;
		};
		18A0431821894CD4005E04D4 /* Frameworks */ = {
			isa = PBXFrameworksBuildPhase;
			buildActionMask = 2147483647;
			files = (
				DACEC2CC87FAFB78D3356B5E /* Pods_IoTGardenTests.framework in Frameworks */,
			);
			runOnlyForDeploymentPostprocessing = 0;
		};
		18A0432321894CD4005E04D4 /* Frameworks */ = {
			isa = PBXFrameworksBuildPhase;
			buildActionMask = 2147483647;
			files = (
				CD33D8E05ADBF25FEC4AE43C /* Pods_IoTGardenUITests.framework in Frameworks */,
			);
			runOnlyForDeploymentPostprocessing = 0;
		};
/* End PBXFrameworksBuildPhase section */

/* Begin PBXGroup section */
		1803375121C9EF430098F944 /* CoreData */ = {
			isa = PBXGroup;
			children = (
				18339BE121C9496100CC2269 /* ItemList.xcdatamodeld */,
				1826C624218F51B700A5CE38 /* ItemListService.swift */,
				1803374B21C9EDC90098F944 /* SensorMapping.swift */,
				1803375321CA2A6B0098F944 /* DataInteractor.swift */,
				1803376221CB954D0098F944 /* ConfigurationsDataInteractor.swift */,
			);
			path = CoreData;
			sourceTree = "<group>";
		};
		1803375221C9EF810098F944 /* Libs */ = {
			isa = PBXGroup;
			children = (
				18D74DA221C8DA7800612351 /* EnumCollection.swift */,
				18C832BD218ADAD500ED37A1 /* Storage.swift */,
				1862B3DB21E305D200CFD7F1 /* icon_temp.png */,
				1862B3DD21E32A7200CFD7F1 /* icon_humi.png */,
			);
			path = Libs;
			sourceTree = "<group>";
		};
		1803375721CB3B910098F944 /* ViewModel */ = {
			isa = PBXGroup;
			children = (
				1803375821CB3BAE0098F944 /* Device.swift */,
				18CCFFFE21E84A0B0075BA6B /* Date+Extension.swift */,
				1803375A21CB3C070098F944 /* SwitchCellViewModel.swift */,
				1803375C21CB3C350098F944 /* TemperatureDevice.swift */,
				1803376E21CBED960098F944 /* HumidityDevice.swift */,
				18D7C6D8220EB81000FF8529 /* MotionDevice.swift */,
				185FF15522ABB5B3003C0DDF /* InputDevice.swift */,
			);
			path = ViewModel;
			sourceTree = "<group>";
		};
		1803375E21CB3C760098F944 /* Model */ = {
			isa = PBXGroup;
			children = (
				18EDCF5121899EC500B233B9 /* Configuration.swift */,
				1803375521CA9B130098F944 /* Sensor.swift */,
				18EDCF4F21899E3800B233B9 /* Item.swift */,
				1803375F21CB41640098F944 /* SensorConnect.swift */,
				183A920222EC023D00EBDC4A /* SensorConnect2.swift */,
			);
			path = Model;
			sourceTree = "<group>";
		};
		1803377021CBF4400098F944 /* ItemList */ = {
			isa = PBXGroup;
			children = (
				1803376C21CBBA660098F944 /* CellCreator.swift */,
				18EDCF592189A0F900B233B9 /* ItemListCell.swift */,
				181BAC6D220DD2D400A0D458 /* MotionCell.swift */,
				185FF15122ABB0B7003C0DDF /* ItemInputValueCell.swift */,
				185FF15322ABB0DD003C0DDF /* ItemInputValueCell.xib */,
				181BAC6B220DD2B700A0D458 /* MotionCell.xib */,
				18EDCF5F2189AF3600B233B9 /* ItemListCell.xib */,
				1803376421CBA9860098F944 /* TemperatureCell.swift */,
				1803376621CBA9A20098F944 /* TemperatureCell.xib */,
				1803376821CBAC7D0098F944 /* HumidityCell.swift */,
				1803376A21CBAC900098F944 /* HumidityCell.xib */,
				18EDCF5D2189A4AC00B233B9 /* ItemListViewController.storyboard */,
				18EDCF5B2189A46500B233B9 /* ItemListViewController.swift */,
				18A33DE12326AAE400DFDBB6 /* ItemListPlusCell.xib */,
				18A33DE32326AAFA00DFDBB6 /* ItemListPlusCell.swift */,
			);
			path = ItemList;
			sourceTree = "<group>";
		};
		1803377121CBF4BB0098F944 /* ItemDetail */ = {
			isa = PBXGroup;
			children = (
				1854087F21C40D0A00984268 /* ItemDetailTempViewController.storyboard */,
				1846AB52218A9E7800F46053 /* ItemDetailViewController.swift */,
				189C81342311405D00E4BC95 /* Cells */,
				183A91FC22EAFEA600EBDC4A /* ItemDetailServerViewController.swift */,
				183A91FE22EAFFAB00EBDC4A /* ItemDetail.storyboard */,
				1854087921C40BF000984268 /* ItemDetailTempViewController.swift */,
				183A920022EB53FC00EBDC4A /* ItemDetailTopicViewController.swift */,
				181BAC71220DE57100A0D458 /* SensorRequest.swift */,
				5B04F009227AE8F80096FBA1 /* LineChart3ViewController.xib */,
				5B04F00B227AE9190096FBA1 /* LineChart3ViewController.swift */,
				5B04F00D227AEEAF0096FBA1 /* PositiveNegativeBarChartViewController.swift */,
				18243662227D8DC80009F7EA /* CandleStickChartViewController.swift */,
				18577AA8228816C6007FB9E4 /* BarChartViewController.swift */,
				18577AAA228816DC007FB9E4 /* BarChartViewController.xib */,
				1836B9D4227D916200CF6F66 /* CandleStickChartViewController.xib */,
				5B04F00F227AEEBD0096FBA1 /* PositiveNegativeBarChartViewController.xib */,
			);
			path = ItemDetail;
			sourceTree = "<group>";
		};
		1803377221CBF4E20098F944 /* AddItem */ = {
			isa = PBXGroup;
			children = (
				1852DBA321931E16002E1946 /* AddItemSavingViewController.swift */,
				1852DBA12192960D002E1946 /* AddItemView.swift */,
				1852DBA521931FA5002E1946 /* AddItemSavingView.swift */,
				1846AB58218AA3E100F46053 /* AddItemViewController.storyboard */,
				1846AB56218AA3B800F46053 /* AddItemViewController.swift */,
				1803377521CBF5480098F944 /* SelectionViewController.swift */,
				1803377721CBF6CC0098F944 /* SelectionCell.xib */,
				1803377921CBF7310098F944 /* SelectionCell.swift */,
				186AB61C23328EE80017F935 /* AddItem.storyboard */,
				186AB61E23328F120017F935 /* AddItemTopicViewController.swift */,
				186AB62023328FB30017F935 /* AddItemTopicCell.swift */,
				186AB6262332913D0017F935 /* AddItemTopicViewModel.swift */,
				186AB624233291080017F935 /* AddItemTopicSection.swift */,
				186AB62223328FFF0017F935 /* AddItemTopicCell.xib */,
			);
			path = AddItem;
			sourceTree = "<group>";
		};
		1864B73222B7F10800B9DCE7 /* State */ = {
			isa = PBXGroup;
			children = (
				1864B73522B7F22100B9DCE7 /* ItemDetailState.swift */,
			);
			path = State;
			sourceTree = "<group>";
		};
		1864B73322B7F11500B9DCE7 /* Reducers */ = {
			isa = PBXGroup;
			children = (
				1864B73722B7F45B00B9DCE7 /* ItemDetailReducer.swift */,
			);
			path = Reducers;
			sourceTree = "<group>";
		};
		1864B73422B7F14700B9DCE7 /* Actions */ = {
			isa = PBXGroup;
			children = (
				1864B73A22BA8C1400B9DCE7 /* ItemDetailAction.swift */,
			);
			path = Actions;
			sourceTree = "<group>";
		};
		1864B73922B7F8DF00B9DCE7 /* Services */ = {
			isa = PBXGroup;
			children = (
				1864B73F22C7D1C400B9DCE7 /* MQTT */,
				1803375121C9EF430098F944 /* CoreData */,
			);
			path = Services;
			sourceTree = "<group>";
		};
		1864B73E22BE387B00B9DCE7 /* Stores */ = {
			isa = PBXGroup;
			children = (
				1864B73C22BE363000B9DCE7 /* ItemDetailStore.swift */,
			);
			path = Stores;
			sourceTree = "<group>";
		};
		1864B73F22C7D1C400B9DCE7 /* MQTT */ = {
			isa = PBXGroup;
			children = (
				1864B74022C7D1FD00B9DCE7 /* MQTTService.swift */,
			);
			path = MQTT;
			sourceTree = "<group>";
		};
		186AB61B23328D150017F935 /* Connection */ = {
			isa = PBXGroup;
			children = (
				186AB6112332875F0017F935 /* Connection.storyboard */,
				186AB613233289470017F935 /* ConnectionSection.swift */,
				186AB61723328A360017F935 /* ConnectionCell.swift */,
				186AB61923328A7D0017F935 /* ConnectionCell.xib */,
				186AB615233289A20017F935 /* ConnectionViewModel.swift */,
				186AB60F233287430017F935 /* ConnectionsViewController.swift */,
				04F247FB23378B80003239B6 /* ItemTopic.storyboard */,
				04F247FD23378B9B003239B6 /* ItemTopicViewController.swift */,
				04F247FF23378C53003239B6 /* ItemTopicSection.swift */,
				04F2480123378DE7003239B6 /* ItemTopicCell.swift */,
				04F2480323378DF6003239B6 /* ItemTopicCell.xib */,
				04F2480523378E04003239B6 /* ItemTopicServerCell.swift */,
				04F2480723378E25003239B6 /* ItemTopicServerCell.xib */,
			);
			path = Connection;
			sourceTree = "<group>";
		};
		189C81342311405D00E4BC95 /* Cells */ = {
			isa = PBXGroup;
			children = (
				189C812C2311397D00E4BC95 /* ItemDetailHeaderCell.swift */,
				18592A072321699100DFB310 /* ItemDetailSwitchCell.xib */,
				18592A09232169AE00DFB310 /* ItemDetailSwitchCell.swift */,
				189C812E231139C800E4BC95 /* ItemDetailHeaderCell.xib */,
				189C813023113A8A00E4BC95 /* ItemDetailTopicCell.swift */,
				189C813223113AA100E4BC95 /* ItemDetailTopicCell.xib */,
				18592A0B23216C0000DFB310 /* ItemDetailFooterCell.swift */,
				18A33DDD2324FFCB00DFDBB6 /* ItemDetailPlusCell.swift */,
				18A33DDF2325007300DFDBB6 /* ItemDetailPlusCell.xib */,
				18A33DD92324FAAE00DFDBB6 /* ItemDetailTrashCell.xib */,
				18A33DDB2324FAD800DFDBB6 /* ItemDetailTrashCell.swift */,
				18592A0D23216C1500DFB310 /* ItemDetailFooterCell.xib */,
			);
			path = Cells;
			sourceTree = "<group>";
		};
		18A042FB21894CD2005E04D4 = {
			isa = PBXGroup;
			children = (
				1864B73922B7F8DF00B9DCE7 /* Services */,
				18A0430621894CD2005E04D4 /* IoTGarden */,
				18A0431E21894CD4005E04D4 /* IoTGardenTests */,
				18A0432921894CD4005E04D4 /* IoTGardenUITests */,
				18A0430521894CD2005E04D4 /* Products */,
				7F80F3B828C6EE0A29D0D08C /* Pods */,
				668BC69708829001B254DD95 /* Frameworks */,
			);
			sourceTree = "<group>";
		};
		18A0430521894CD2005E04D4 /* Products */ = {
			isa = PBXGroup;
			children = (
				18A0430421894CD2005E04D4 /* IoTGarden.app */,
				18A0431B21894CD4005E04D4 /* IoTGardenTests.xctest */,
				18A0432621894CD4005E04D4 /* IoTGardenUITests.xctest */,
			);
			name = Products;
			sourceTree = "<group>";
		};
		18A0430621894CD2005E04D4 /* IoTGarden */ = {
			isa = PBXGroup;
			children = (
				18A934CE2291727D009C6ADF /* R.generated.swift */,
				18A0430721894CD2005E04D4 /* AppDelegate.swift */,
				5B2CD58422896DB600EA8B25 /* UIColor+Extension.swift */,
				5B2CD58622896E5400EA8B25 /* UIFont+Extension.swift */,
				5B2CD588228973A400EA8B25 /* UIView+Extension.swift */,
				1803375221C9EF810098F944 /* Libs */,
				18339BDE21C9493E00CC2269 /* IoTGarden.xcdatamodeld */,
				18E7A71C218EE0F800F7E689 /* Redux */,
				18A0431121894CD4005E04D4 /* Assets.xcassets */,
				18A0431321894CD4005E04D4 /* LaunchScreen.storyboard */,
				18A0431621894CD4005E04D4 /* Info.plist */,
				1803375E21CB3C760098F944 /* Model */,
				1803375721CB3B910098F944 /* ViewModel */,
				18D9A05021C4109F008EFA72 /* ItemTemp.swift */,
				18EDCF5321899F3100B233B9 /* GroupItem.swift */,
				186AB61B23328D150017F935 /* Connection */,
				1803377021CBF4400098F944 /* ItemList */,
				1803377121CBF4BB0098F944 /* ItemDetail */,
				1803377221CBF4E20098F944 /* AddItem */,
			);
			path = IoTGarden;
			sourceTree = "<group>";
		};
		18A0431E21894CD4005E04D4 /* IoTGardenTests */ = {
			isa = PBXGroup;
			children = (
				18A0431F21894CD4005E04D4 /* IoTGardenTests.swift */,
				18A0432121894CD4005E04D4 /* Info.plist */,
			);
			path = IoTGardenTests;
			sourceTree = "<group>";
		};
		18A0432921894CD4005E04D4 /* IoTGardenUITests */ = {
			isa = PBXGroup;
			children = (
				18A0432A21894CD4005E04D4 /* IoTGardenUITests.swift */,
				18F214FC22F9EAAA0001CD67 /* ItemListStateTests.swift */,
				18A0432C21894CD4005E04D4 /* Info.plist */,
			);
			path = IoTGardenUITests;
			sourceTree = "<group>";
		};
		18E7A71C218EE0F800F7E689 /* Redux */ = {
			isa = PBXGroup;
			children = (
				1864B73222B7F10800B9DCE7 /* State */,
				1864B73322B7F11500B9DCE7 /* Reducers */,
				1864B73422B7F14700B9DCE7 /* Actions */,
				1864B73E22BE387B00B9DCE7 /* Stores */,
				18E7A71D218EE4E800F7E689 /* ReactiveReSwiftBridge.swift */,
				18E7A723218EFDF600F7E689 /* ItemListState.swift */,
				18E7A725218EFE5200F7E689 /* ItemListReducer.swift */,
				18E7A727218EFEDD00F7E689 /* ItemListAction.swift */,
				18E7A729218EFF9900F7E689 /* ItemListStore.swift */,
				18B5506221C559FF004EC438 /* ItemAction.swift */,
				18B5506421C55A14004EC438 /* ItemReducer.swift */,
				18B5506621C56104004EC438 /* ItemStore.swift */,
				181F50A322F1FEAE00EA89D1 /* AppState.swift */,
				18B975C722FE945700E7DD8D /* AppStore.swift */,
			);
			path = Redux;
			sourceTree = "<group>";
		};
		668BC69708829001B254DD95 /* Frameworks */ = {
			isa = PBXGroup;
			children = (
				881F9D4DBC2B015F5C29BAFA /* Pods_IoTGarden.framework */,
				B7F13111F13601CE88D0773A /* Pods_IoTGardenTests.framework */,
				C4541BBD3F476D037AD1CF4F /* Pods_IoTGardenUITests.framework */,
			);
			name = Frameworks;
			sourceTree = "<group>";
		};
		7F80F3B828C6EE0A29D0D08C /* Pods */ = {
			isa = PBXGroup;
			children = (
				F67062452CC96EA3E8E06F13 /* Pods-IoTGarden.debug.xcconfig */,
				C397D18E5EE8BB6B5777179D /* Pods-IoTGarden.release.xcconfig */,
				4EA2DE0DB42AD6B50F8BDB54 /* Pods-IoTGardenTests.debug.xcconfig */,
				26FF11245553B5B9CB0BEA4C /* Pods-IoTGardenTests.release.xcconfig */,
				E5D9503F7F307460CD4526D8 /* Pods-IoTGardenUITests.debug.xcconfig */,
				90D107BBD3DCEB69725EA355 /* Pods-IoTGardenUITests.release.xcconfig */,
			);
			name = Pods;
			sourceTree = "<group>";
		};
/* End PBXGroup section */

/* Begin PBXNativeTarget section */
		18A0430321894CD2005E04D4 /* IoTGarden */ = {
			isa = PBXNativeTarget;
			buildConfigurationList = 18A0432F21894CD4005E04D4 /* Build configuration list for PBXNativeTarget "IoTGarden" */;
			buildPhases = (
				79C49C32ED866221C638B792 /* [CP] Check Pods Manifest.lock */,
				18A934CB22916EBA009C6ADF /* ShellScript */,
				18A0430021894CD2005E04D4 /* Sources */,
				18A0430121894CD2005E04D4 /* Frameworks */,
				18A0430221894CD2005E04D4 /* Resources */,
				C41179B03176C222D75DE97E /* [CP] Embed Pods Frameworks */,
			);
			buildRules = (
			);
			dependencies = (
			);
			name = IoTGarden;
			productName = IoTGarden;
			productReference = 18A0430421894CD2005E04D4 /* IoTGarden.app */;
			productType = "com.apple.product-type.application";
		};
		18A0431A21894CD4005E04D4 /* IoTGardenTests */ = {
			isa = PBXNativeTarget;
			buildConfigurationList = 18A0433221894CD4005E04D4 /* Build configuration list for PBXNativeTarget "IoTGardenTests" */;
			buildPhases = (
				90F0995A96B69CB3C26CA3ED /* [CP] Check Pods Manifest.lock */,
				18A0431721894CD4005E04D4 /* Sources */,
				18A0431821894CD4005E04D4 /* Frameworks */,
				18A0431921894CD4005E04D4 /* Resources */,
			);
			buildRules = (
			);
			dependencies = (
				18A0431D21894CD4005E04D4 /* PBXTargetDependency */,
			);
			name = IoTGardenTests;
			productName = IoTGardenTests;
			productReference = 18A0431B21894CD4005E04D4 /* IoTGardenTests.xctest */;
			productType = "com.apple.product-type.bundle.unit-test";
		};
		18A0432521894CD4005E04D4 /* IoTGardenUITests */ = {
			isa = PBXNativeTarget;
			buildConfigurationList = 18A0433521894CD4005E04D4 /* Build configuration list for PBXNativeTarget "IoTGardenUITests" */;
			buildPhases = (
				1BFE166AF5C6F761EB07FB45 /* [CP] Check Pods Manifest.lock */,
				18A0432221894CD4005E04D4 /* Sources */,
				18A0432321894CD4005E04D4 /* Frameworks */,
				18A0432421894CD4005E04D4 /* Resources */,
			);
			buildRules = (
			);
			dependencies = (
				18A0432821894CD4005E04D4 /* PBXTargetDependency */,
			);
			name = IoTGardenUITests;
			productName = IoTGardenUITests;
			productReference = 18A0432621894CD4005E04D4 /* IoTGardenUITests.xctest */;
			productType = "com.apple.product-type.bundle.ui-testing";
		};
/* End PBXNativeTarget section */

/* Begin PBXProject section */
		18A042FC21894CD2005E04D4 /* Project object */ = {
			isa = PBXProject;
			attributes = {
				LastSwiftUpdateCheck = 0930;
				LastUpgradeCheck = 0930;
				TargetAttributes = {
					18A0430321894CD2005E04D4 = {
						CreatedOnToolsVersion = 9.3;
					};
					18A0431A21894CD4005E04D4 = {
						CreatedOnToolsVersion = 9.3;
						TestTargetID = 18A0430321894CD2005E04D4;
					};
					18A0432521894CD4005E04D4 = {
						CreatedOnToolsVersion = 9.3;
						TestTargetID = 18A0430321894CD2005E04D4;
					};
				};
			};
			buildConfigurationList = 18A042FF21894CD2005E04D4 /* Build configuration list for PBXProject "IoTGarden" */;
			compatibilityVersion = "Xcode 9.3";
			developmentRegion = en;
			hasScannedForEncodings = 0;
			knownRegions = (
				en,
				Base,
			);
			mainGroup = 18A042FB21894CD2005E04D4;
			productRefGroup = 18A0430521894CD2005E04D4 /* Products */;
			projectDirPath = "";
			projectRoot = "";
			targets = (
				18A0430321894CD2005E04D4 /* IoTGarden */,
				18A0431A21894CD4005E04D4 /* IoTGardenTests */,
				18A0432521894CD4005E04D4 /* IoTGardenUITests */,
			);
		};
/* End PBXProject section */

/* Begin PBXResourcesBuildPhase section */
		18A0430221894CD2005E04D4 /* Resources */ = {
			isa = PBXResourcesBuildPhase;
			buildActionMask = 2147483647;
			files = (
				18A0431521894CD4005E04D4 /* LaunchScreen.storyboard in Resources */,
				185FF15422ABB0DD003C0DDF /* ItemInputValueCell.xib in Resources */,
				181BAC6C220DD2B700A0D458 /* MotionCell.xib in Resources */,
				18EDCF602189AF3600B233B9 /* ItemListCell.xib in Resources */,
				183A91FF22EAFFAB00EBDC4A /* ItemDetail.storyboard in Resources */,
				18A33DE02325007300DFDBB6 /* ItemDetailPlusCell.xib in Resources */,
				1846AB59218AA3E100F46053 /* AddItemViewController.storyboard in Resources */,
				186AB61A23328A7D0017F935 /* ConnectionCell.xib in Resources */,
				18592A0E23216C1500DFB310 /* ItemDetailFooterCell.xib in Resources */,
				04F2480423378DF6003239B6 /* ItemTopicCell.xib in Resources */,
				1862B3DE21E32A7200CFD7F1 /* icon_humi.png in Resources */,
				1862B3DC21E305D200CFD7F1 /* icon_temp.png in Resources */,
				1803377821CBF6CC0098F944 /* SelectionCell.xib in Resources */,
				04F2480823378E25003239B6 /* ItemTopicServerCell.xib in Resources */,
				5B04F010227AEEBD0096FBA1 /* PositiveNegativeBarChartViewController.xib in Resources */,
				5B04F00A227AE8F80096FBA1 /* LineChart3ViewController.xib in Resources */,
				186AB62323328FFF0017F935 /* AddItemTopicCell.xib in Resources */,
				18A33DE22326AAE400DFDBB6 /* ItemListPlusCell.xib in Resources */,
				18A0431221894CD4005E04D4 /* Assets.xcassets in Resources */,
				189C812F231139C800E4BC95 /* ItemDetailHeaderCell.xib in Resources */,
				186AB61D23328EE80017F935 /* AddItem.storyboard in Resources */,
				189C813323113AA100E4BC95 /* ItemDetailTopicCell.xib in Resources */,
				1803376721CBA9A20098F944 /* TemperatureCell.xib in Resources */,
				1803376B21CBAC900098F944 /* HumidityCell.xib in Resources */,
				1854088021C40D0A00984268 /* ItemDetailTempViewController.storyboard in Resources */,
				18EDCF5E2189A4AC00B233B9 /* ItemListViewController.storyboard in Resources */,
				18592A082321699100DFB310 /* ItemDetailSwitchCell.xib in Resources */,
				18577AAB228816DC007FB9E4 /* BarChartViewController.xib in Resources */,
				18A33DDA2324FAAE00DFDBB6 /* ItemDetailTrashCell.xib in Resources */,
				04F247FC23378B80003239B6 /* ItemTopic.storyboard in Resources */,
				186AB6122332875F0017F935 /* Connection.storyboard in Resources */,
				1836B9D5227D916200CF6F66 /* CandleStickChartViewController.xib in Resources */,
			);
			runOnlyForDeploymentPostprocessing = 0;
		};
		18A0431921894CD4005E04D4 /* Resources */ = {
			isa = PBXResourcesBuildPhase;
			buildActionMask = 2147483647;
			files = (
			);
			runOnlyForDeploymentPostprocessing = 0;
		};
		18A0432421894CD4005E04D4 /* Resources */ = {
			isa = PBXResourcesBuildPhase;
			buildActionMask = 2147483647;
			files = (
			);
			runOnlyForDeploymentPostprocessing = 0;
		};
/* End PBXResourcesBuildPhase section */

/* Begin PBXShellScriptBuildPhase section */
		18A934CB22916EBA009C6ADF /* ShellScript */ = {
			isa = PBXShellScriptBuildPhase;
			buildActionMask = 2147483647;
			files = (
			);
			inputFileListPaths = (
			);
			inputPaths = (
				"$TEMP_DIR/rswift-lastrun",
			);
			outputFileListPaths = (
			);
			outputPaths = (
				$SRCROOT/R.generated.swift,
			);
			runOnlyForDeploymentPostprocessing = 0;
			shellPath = /bin/sh;
			shellScript = "\"$PODS_ROOT/R.swift/rswift\" generate \"$SRCROOT/R.generated.swift\"\n";
		};
		1BFE166AF5C6F761EB07FB45 /* [CP] Check Pods Manifest.lock */ = {
			isa = PBXShellScriptBuildPhase;
			buildActionMask = 2147483647;
			files = (
			);
			inputFileListPaths = (
			);
			inputPaths = (
				"${PODS_PODFILE_DIR_PATH}/Podfile.lock",
				"${PODS_ROOT}/Manifest.lock",
			);
			name = "[CP] Check Pods Manifest.lock";
			outputFileListPaths = (
			);
			outputPaths = (
				"$(DERIVED_FILE_DIR)/Pods-IoTGardenUITests-checkManifestLockResult.txt",
			);
			runOnlyForDeploymentPostprocessing = 0;
			shellPath = /bin/sh;
			shellScript = "diff \"${PODS_PODFILE_DIR_PATH}/Podfile.lock\" \"${PODS_ROOT}/Manifest.lock\" > /dev/null\nif [ $? != 0 ] ; then\n    # print error to STDERR\n    echo \"error: The sandbox is not in sync with the Podfile.lock. Run 'pod install' or update your CocoaPods installation.\" >&2\n    exit 1\nfi\n# This output is used by Xcode 'outputs' to avoid re-running this script phase.\necho \"SUCCESS\" > \"${SCRIPT_OUTPUT_FILE_0}\"\n";
			showEnvVarsInLog = 0;
		};
		79C49C32ED866221C638B792 /* [CP] Check Pods Manifest.lock */ = {
			isa = PBXShellScriptBuildPhase;
			buildActionMask = 2147483647;
			files = (
			);
			inputPaths = (
				"${PODS_PODFILE_DIR_PATH}/Podfile.lock",
				"${PODS_ROOT}/Manifest.lock",
			);
			name = "[CP] Check Pods Manifest.lock";
			outputPaths = (
				"$(DERIVED_FILE_DIR)/Pods-IoTGarden-checkManifestLockResult.txt",
			);
			runOnlyForDeploymentPostprocessing = 0;
			shellPath = /bin/sh;
			shellScript = "diff \"${PODS_PODFILE_DIR_PATH}/Podfile.lock\" \"${PODS_ROOT}/Manifest.lock\" > /dev/null\nif [ $? != 0 ] ; then\n    # print error to STDERR\n    echo \"error: The sandbox is not in sync with the Podfile.lock. Run 'pod install' or update your CocoaPods installation.\" >&2\n    exit 1\nfi\n# This output is used by Xcode 'outputs' to avoid re-running this script phase.\necho \"SUCCESS\" > \"${SCRIPT_OUTPUT_FILE_0}\"\n";
			showEnvVarsInLog = 0;
		};
		90F0995A96B69CB3C26CA3ED /* [CP] Check Pods Manifest.lock */ = {
			isa = PBXShellScriptBuildPhase;
			buildActionMask = 2147483647;
			files = (
			);
			inputFileListPaths = (
			);
			inputPaths = (
				"${PODS_PODFILE_DIR_PATH}/Podfile.lock",
				"${PODS_ROOT}/Manifest.lock",
			);
			name = "[CP] Check Pods Manifest.lock";
			outputFileListPaths = (
			);
			outputPaths = (
				"$(DERIVED_FILE_DIR)/Pods-IoTGardenTests-checkManifestLockResult.txt",
			);
			runOnlyForDeploymentPostprocessing = 0;
			shellPath = /bin/sh;
			shellScript = "diff \"${PODS_PODFILE_DIR_PATH}/Podfile.lock\" \"${PODS_ROOT}/Manifest.lock\" > /dev/null\nif [ $? != 0 ] ; then\n    # print error to STDERR\n    echo \"error: The sandbox is not in sync with the Podfile.lock. Run 'pod install' or update your CocoaPods installation.\" >&2\n    exit 1\nfi\n# This output is used by Xcode 'outputs' to avoid re-running this script phase.\necho \"SUCCESS\" > \"${SCRIPT_OUTPUT_FILE_0}\"\n";
			showEnvVarsInLog = 0;
		};
		C41179B03176C222D75DE97E /* [CP] Embed Pods Frameworks */ = {
			isa = PBXShellScriptBuildPhase;
			buildActionMask = 2147483647;
			files = (
			);
			inputFileListPaths = (
				"${PODS_ROOT}/Target Support Files/Pods-IoTGarden/Pods-IoTGarden-frameworks-${CONFIGURATION}-input-files.xcfilelist",
			);
			name = "[CP] Embed Pods Frameworks";
			outputFileListPaths = (
				"${PODS_ROOT}/Target Support Files/Pods-IoTGarden/Pods-IoTGarden-frameworks-${CONFIGURATION}-output-files.xcfilelist",
			);
			runOnlyForDeploymentPostprocessing = 0;
			shellPath = /bin/sh;
			shellScript = "\"${PODS_ROOT}/Target Support Files/Pods-IoTGarden/Pods-IoTGarden-frameworks.sh\"\n";
			showEnvVarsInLog = 0;
		};
/* End PBXShellScriptBuildPhase section */

/* Begin PBXSourcesBuildPhase section */
		18A0430021894CD2005E04D4 /* Sources */ = {
			isa = PBXSourcesBuildPhase;
			buildActionMask = 2147483647;
			files = (
				18B5506321C559FF004EC438 /* ItemAction.swift in Sources */,
				18592A0A232169AE00DFB310 /* ItemDetailSwitchCell.swift in Sources */,
				181BAC6E220DD2D400A0D458 /* MotionCell.swift in Sources */,
				18EDCF5A2189A0F900B233B9 /* ItemListCell.swift in Sources */,
				18E7A726218EFE5200F7E689 /* ItemListReducer.swift in Sources */,
				18A33DDE2324FFCC00DFDBB6 /* ItemDetailPlusCell.swift in Sources */,
				1803375421CA2A6B0098F944 /* DataInteractor.swift in Sources */,
				18C832BE218ADAD500ED37A1 /* Storage.swift in Sources */,
				04F2480023378C53003239B6 /* ItemTopicSection.swift in Sources */,
				186AB610233287430017F935 /* ConnectionsViewController.swift in Sources */,
				18243663227D8DC80009F7EA /* CandleStickChartViewController.swift in Sources */,
				1803377621CBF5480098F944 /* SelectionViewController.swift in Sources */,
				1864B73B22BA8C1400B9DCE7 /* ItemDetailAction.swift in Sources */,
				186AB625233291080017F935 /* AddItemTopicSection.swift in Sources */,
				189C812D2311397D00E4BC95 /* ItemDetailHeaderCell.swift in Sources */,
				1803375B21CB3C070098F944 /* SwitchCellViewModel.swift in Sources */,
				186AB61F23328F120017F935 /* AddItemTopicViewController.swift in Sources */,
				189C813123113A8A00E4BC95 /* ItemDetailTopicCell.swift in Sources */,
				18339BE321C9496100CC2269 /* ItemList.xcdatamodeld in Sources */,
				1864B74122C7D1FD00B9DCE7 /* MQTTService.swift in Sources */,
				18EDCF5C2189A46500B233B9 /* ItemListViewController.swift in Sources */,
				1803376321CB954D0098F944 /* ConfigurationsDataInteractor.swift in Sources */,
				18E7A724218EFDF600F7E689 /* ItemListState.swift in Sources */,
				1803375D21CB3C350098F944 /* TemperatureDevice.swift in Sources */,
				18CCFFFF21E84A0B0075BA6B /* Date+Extension.swift in Sources */,
				18E7A72A218EFF9900F7E689 /* ItemListStore.swift in Sources */,
				186AB62123328FB30017F935 /* AddItemTopicCell.swift in Sources */,
				183A920122EB53FC00EBDC4A /* ItemDetailTopicViewController.swift in Sources */,
				18EDCF5221899EC500B233B9 /* Configuration.swift in Sources */,
				18339BE021C9493E00CC2269 /* IoTGarden.xcdatamodeld in Sources */,
				18EDCF5021899E3900B233B9 /* Item.swift in Sources */,
				18A934CF2291727D009C6ADF /* R.generated.swift in Sources */,
				18B975C822FE945700E7DD8D /* AppStore.swift in Sources */,
				1864B73D22BE363100B9DCE7 /* ItemDetailStore.swift in Sources */,
				1803376921CBAC7D0098F944 /* HumidityCell.swift in Sources */,
				18D7C6D9220EB81000FF8529 /* MotionDevice.swift in Sources */,
				5B2CD58722896E5400EA8B25 /* UIFont+Extension.swift in Sources */,
				18A33DDC2324FAD800DFDBB6 /* ItemDetailTrashCell.swift in Sources */,
				5B04F00C227AE9190096FBA1 /* LineChart3ViewController.swift in Sources */,
				1852DBA22192960D002E1946 /* AddItemView.swift in Sources */,
				1846AB57218AA3B800F46053 /* AddItemViewController.swift in Sources */,
				18592A0C23216C0000DFB310 /* ItemDetailFooterCell.swift in Sources */,
				181F50A422F1FEAE00EA89D1 /* AppState.swift in Sources */,
				186AB61823328A360017F935 /* ConnectionCell.swift in Sources */,
				18E7A71E218EE4E800F7E689 /* ReactiveReSwiftBridge.swift in Sources */,
				1846AB53218A9E7800F46053 /* ItemDetailViewController.swift in Sources */,
				18A33DE42326AAFA00DFDBB6 /* ItemListPlusCell.swift in Sources */,
				18A0430821894CD2005E04D4 /* AppDelegate.swift in Sources */,
				1803376D21CBBA660098F944 /* CellCreator.swift in Sources */,
				1864B73822B7F45B00B9DCE7 /* ItemDetailReducer.swift in Sources */,
				186AB614233289470017F935 /* ConnectionSection.swift in Sources */,
				185FF15622ABB5B3003C0DDF /* InputDevice.swift in Sources */,
				5B04F00E227AEEAF0096FBA1 /* PositiveNegativeBarChartViewController.swift in Sources */,
				18577AA9228816C6007FB9E4 /* BarChartViewController.swift in Sources */,
				18EDCF5421899F3100B233B9 /* GroupItem.swift in Sources */,
				1803376521CBA9860098F944 /* TemperatureCell.swift in Sources */,
				1803376F21CBED960098F944 /* HumidityDevice.swift in Sources */,
				18B5506521C55A14004EC438 /* ItemReducer.swift in Sources */,
				1854087A21C40BF000984268 /* ItemDetailTempViewController.swift in Sources */,
				1852DBA621931FA5002E1946 /* AddItemSavingView.swift in Sources */,
				1803375921CB3BAE0098F944 /* Device.swift in Sources */,
				1803376021CB41640098F944 /* SensorConnect.swift in Sources */,
				18D9A05121C4109F008EFA72 /* ItemTemp.swift in Sources */,
				1864B73622B7F22100B9DCE7 /* ItemDetailState.swift in Sources */,
				04F247FE23378B9B003239B6 /* ItemTopicViewController.swift in Sources */,
				18B5506721C56104004EC438 /* ItemStore.swift in Sources */,
				5B2CD58522896DB600EA8B25 /* UIColor+Extension.swift in Sources */,
				1852DBA421931E16002E1946 /* AddItemSavingViewController.swift in Sources */,
				183A920322EC023D00EBDC4A /* SensorConnect2.swift in Sources */,
				185FF15222ABB0B7003C0DDF /* ItemInputValueCell.swift in Sources */,
				04F2480223378DE7003239B6 /* ItemTopicCell.swift in Sources */,
				186AB6272332913D0017F935 /* AddItemTopicViewModel.swift in Sources */,
				183A91FD22EAFEA600EBDC4A /* ItemDetailServerViewController.swift in Sources */,
				181BAC72220DE57100A0D458 /* SensorRequest.swift in Sources */,
				1803374C21C9EDC90098F944 /* SensorMapping.swift in Sources */,
				1826C625218F51B700A5CE38 /* ItemListService.swift in Sources */,
				186AB616233289A20017F935 /* ConnectionViewModel.swift in Sources */,
				04F2480623378E04003239B6 /* ItemTopicServerCell.swift in Sources */,
				18E7A728218EFEDD00F7E689 /* ItemListAction.swift in Sources */,
				1803375621CA9B130098F944 /* Sensor.swift in Sources */,
				1803377A21CBF7310098F944 /* SelectionCell.swift in Sources */,
				5B2CD589228973A400EA8B25 /* UIView+Extension.swift in Sources */,
				18D74DA321C8DA7900612351 /* EnumCollection.swift in Sources */,
			);
			runOnlyForDeploymentPostprocessing = 0;
		};
		18A0431721894CD4005E04D4 /* Sources */ = {
			isa = PBXSourcesBuildPhase;
			buildActionMask = 2147483647;
			files = (
				18A0432021894CD4005E04D4 /* IoTGardenTests.swift in Sources */,
			);
			runOnlyForDeploymentPostprocessing = 0;
		};
		18A0432221894CD4005E04D4 /* Sources */ = {
			isa = PBXSourcesBuildPhase;
			buildActionMask = 2147483647;
			files = (
				18F214FD22F9EAAA0001CD67 /* ItemListStateTests.swift in Sources */,
				18A0432B21894CD4005E04D4 /* IoTGardenUITests.swift in Sources */,
			);
			runOnlyForDeploymentPostprocessing = 0;
		};
/* End PBXSourcesBuildPhase section */

/* Begin PBXTargetDependency section */
		18A0431D21894CD4005E04D4 /* PBXTargetDependency */ = {
			isa = PBXTargetDependency;
			target = 18A0430321894CD2005E04D4 /* IoTGarden */;
			targetProxy = 18A0431C21894CD4005E04D4 /* PBXContainerItemProxy */;
		};
		18A0432821894CD4005E04D4 /* PBXTargetDependency */ = {
			isa = PBXTargetDependency;
			target = 18A0430321894CD2005E04D4 /* IoTGarden */;
			targetProxy = 18A0432721894CD4005E04D4 /* PBXContainerItemProxy */;
		};
/* End PBXTargetDependency section */

/* Begin PBXVariantGroup section */
		18A0431321894CD4005E04D4 /* LaunchScreen.storyboard */ = {
			isa = PBXVariantGroup;
			children = (
				18A0431421894CD4005E04D4 /* Base */,
			);
			name = LaunchScreen.storyboard;
			sourceTree = "<group>";
		};
/* End PBXVariantGroup section */

/* Begin XCBuildConfiguration section */
		18A0432D21894CD4005E04D4 /* Debug */ = {
			isa = XCBuildConfiguration;
			buildSettings = {
				ALWAYS_SEARCH_USER_PATHS = NO;
				CLANG_ANALYZER_NONNULL = YES;
				CLANG_ANALYZER_NUMBER_OBJECT_CONVERSION = YES_AGGRESSIVE;
				CLANG_CXX_LANGUAGE_STANDARD = "gnu++14";
				CLANG_CXX_LIBRARY = "libc++";
				CLANG_ENABLE_MODULES = YES;
				CLANG_ENABLE_OBJC_ARC = YES;
				CLANG_ENABLE_OBJC_WEAK = YES;
				CLANG_WARN_BLOCK_CAPTURE_AUTORELEASING = YES;
				CLANG_WARN_BOOL_CONVERSION = YES;
				CLANG_WARN_COMMA = YES;
				CLANG_WARN_CONSTANT_CONVERSION = YES;
				CLANG_WARN_DEPRECATED_OBJC_IMPLEMENTATIONS = YES;
				CLANG_WARN_DIRECT_OBJC_ISA_USAGE = YES_ERROR;
				CLANG_WARN_DOCUMENTATION_COMMENTS = YES;
				CLANG_WARN_EMPTY_BODY = YES;
				CLANG_WARN_ENUM_CONVERSION = YES;
				CLANG_WARN_INFINITE_RECURSION = YES;
				CLANG_WARN_INT_CONVERSION = YES;
				CLANG_WARN_NON_LITERAL_NULL_CONVERSION = YES;
				CLANG_WARN_OBJC_IMPLICIT_RETAIN_SELF = YES;
				CLANG_WARN_OBJC_LITERAL_CONVERSION = YES;
				CLANG_WARN_OBJC_ROOT_CLASS = YES_ERROR;
				CLANG_WARN_RANGE_LOOP_ANALYSIS = YES;
				CLANG_WARN_STRICT_PROTOTYPES = YES;
				CLANG_WARN_SUSPICIOUS_MOVE = YES;
				CLANG_WARN_UNGUARDED_AVAILABILITY = YES_AGGRESSIVE;
				CLANG_WARN_UNREACHABLE_CODE = YES;
				CLANG_WARN__DUPLICATE_METHOD_MATCH = YES;
				CODE_SIGN_IDENTITY = "iPhone Developer";
				COPY_PHASE_STRIP = NO;
				DEBUG_INFORMATION_FORMAT = dwarf;
				ENABLE_STRICT_OBJC_MSGSEND = YES;
				ENABLE_TESTABILITY = YES;
				GCC_C_LANGUAGE_STANDARD = gnu11;
				GCC_DYNAMIC_NO_PIC = NO;
				GCC_NO_COMMON_BLOCKS = YES;
				GCC_OPTIMIZATION_LEVEL = 0;
				GCC_PREPROCESSOR_DEFINITIONS = (
					"DEBUG=1",
					"$(inherited)",
				);
				GCC_WARN_64_TO_32_BIT_CONVERSION = YES;
				GCC_WARN_ABOUT_RETURN_TYPE = YES_ERROR;
				GCC_WARN_UNDECLARED_SELECTOR = YES;
				GCC_WARN_UNINITIALIZED_AUTOS = YES_AGGRESSIVE;
				GCC_WARN_UNUSED_FUNCTION = YES;
				GCC_WARN_UNUSED_VARIABLE = YES;
				IPHONEOS_DEPLOYMENT_TARGET = 11.3;
				MTL_ENABLE_DEBUG_INFO = YES;
				ONLY_ACTIVE_ARCH = YES;
				SDKROOT = iphoneos;
				SWIFT_ACTIVE_COMPILATION_CONDITIONS = DEBUG;
				SWIFT_OPTIMIZATION_LEVEL = "-Onone";
				SWIFT_VERSION = 4.2;
			};
			name = Debug;
		};
		18A0432E21894CD4005E04D4 /* Release */ = {
			isa = XCBuildConfiguration;
			buildSettings = {
				ALWAYS_SEARCH_USER_PATHS = NO;
				CLANG_ANALYZER_NONNULL = YES;
				CLANG_ANALYZER_NUMBER_OBJECT_CONVERSION = YES_AGGRESSIVE;
				CLANG_CXX_LANGUAGE_STANDARD = "gnu++14";
				CLANG_CXX_LIBRARY = "libc++";
				CLANG_ENABLE_MODULES = YES;
				CLANG_ENABLE_OBJC_ARC = YES;
				CLANG_ENABLE_OBJC_WEAK = YES;
				CLANG_WARN_BLOCK_CAPTURE_AUTORELEASING = YES;
				CLANG_WARN_BOOL_CONVERSION = YES;
				CLANG_WARN_COMMA = YES;
				CLANG_WARN_CONSTANT_CONVERSION = YES;
				CLANG_WARN_DEPRECATED_OBJC_IMPLEMENTATIONS = YES;
				CLANG_WARN_DIRECT_OBJC_ISA_USAGE = YES_ERROR;
				CLANG_WARN_DOCUMENTATION_COMMENTS = YES;
				CLANG_WARN_EMPTY_BODY = YES;
				CLANG_WARN_ENUM_CONVERSION = YES;
				CLANG_WARN_INFINITE_RECURSION = YES;
				CLANG_WARN_INT_CONVERSION = YES;
				CLANG_WARN_NON_LITERAL_NULL_CONVERSION = YES;
				CLANG_WARN_OBJC_IMPLICIT_RETAIN_SELF = YES;
				CLANG_WARN_OBJC_LITERAL_CONVERSION = YES;
				CLANG_WARN_OBJC_ROOT_CLASS = YES_ERROR;
				CLANG_WARN_RANGE_LOOP_ANALYSIS = YES;
				CLANG_WARN_STRICT_PROTOTYPES = YES;
				CLANG_WARN_SUSPICIOUS_MOVE = YES;
				CLANG_WARN_UNGUARDED_AVAILABILITY = YES_AGGRESSIVE;
				CLANG_WARN_UNREACHABLE_CODE = YES;
				CLANG_WARN__DUPLICATE_METHOD_MATCH = YES;
				CODE_SIGN_IDENTITY = "iPhone Developer";
				COPY_PHASE_STRIP = NO;
				DEBUG_INFORMATION_FORMAT = "dwarf-with-dsym";
				ENABLE_NS_ASSERTIONS = NO;
				ENABLE_STRICT_OBJC_MSGSEND = YES;
				GCC_C_LANGUAGE_STANDARD = gnu11;
				GCC_NO_COMMON_BLOCKS = YES;
				GCC_WARN_64_TO_32_BIT_CONVERSION = YES;
				GCC_WARN_ABOUT_RETURN_TYPE = YES_ERROR;
				GCC_WARN_UNDECLARED_SELECTOR = YES;
				GCC_WARN_UNINITIALIZED_AUTOS = YES_AGGRESSIVE;
				GCC_WARN_UNUSED_FUNCTION = YES;
				GCC_WARN_UNUSED_VARIABLE = YES;
				IPHONEOS_DEPLOYMENT_TARGET = 11.3;
				MTL_ENABLE_DEBUG_INFO = NO;
				SDKROOT = iphoneos;
				SWIFT_COMPILATION_MODE = wholemodule;
				SWIFT_OPTIMIZATION_LEVEL = "-O";
				SWIFT_VERSION = 4.2;
				VALIDATE_PRODUCT = YES;
			};
			name = Release;
		};
		18A0433021894CD4005E04D4 /* Debug */ = {
			isa = XCBuildConfiguration;
			baseConfigurationReference = F67062452CC96EA3E8E06F13 /* Pods-IoTGarden.debug.xcconfig */;
			buildSettings = {
				ASSETCATALOG_COMPILER_APPICON_NAME = AppIcon;
				CODE_SIGN_STYLE = Automatic;
				DEVELOPMENT_TEAM = T78D673J43;
				INFOPLIST_FILE = IoTGarden/Info.plist;
				LD_RUNPATH_SEARCH_PATHS = (
					"$(inherited)",
					"@executable_path/Frameworks",
				);
				PRODUCT_BUNDLE_IDENTIFIER = com.ving.IoTGarden;
				PRODUCT_NAME = "$(TARGET_NAME)";
				SWIFT_VERSION = 4.2;
				TARGETED_DEVICE_FAMILY = "1,2";
			};
			name = Debug;
		};
		18A0433121894CD4005E04D4 /* Release */ = {
			isa = XCBuildConfiguration;
			baseConfigurationReference = C397D18E5EE8BB6B5777179D /* Pods-IoTGarden.release.xcconfig */;
			buildSettings = {
				ASSETCATALOG_COMPILER_APPICON_NAME = AppIcon;
				CODE_SIGN_STYLE = Automatic;
				DEVELOPMENT_TEAM = T78D673J43;
				INFOPLIST_FILE = IoTGarden/Info.plist;
				LD_RUNPATH_SEARCH_PATHS = (
					"$(inherited)",
					"@executable_path/Frameworks",
				);
				PRODUCT_BUNDLE_IDENTIFIER = com.ving.IoTGarden;
				PRODUCT_NAME = "$(TARGET_NAME)";
				SWIFT_VERSION = 4.2;
				TARGETED_DEVICE_FAMILY = "1,2";
			};
			name = Release;
		};
		18A0433321894CD4005E04D4 /* Debug */ = {
			isa = XCBuildConfiguration;
			baseConfigurationReference = 4EA2DE0DB42AD6B50F8BDB54 /* Pods-IoTGardenTests.debug.xcconfig */;
			buildSettings = {
				ALWAYS_EMBED_SWIFT_STANDARD_LIBRARIES = YES;
				BUNDLE_LOADER = "$(TEST_HOST)";
				CODE_SIGN_STYLE = Automatic;
				DEVELOPMENT_TEAM = T78D673J43;
				INFOPLIST_FILE = IoTGardenTests/Info.plist;
				LD_RUNPATH_SEARCH_PATHS = (
					"$(inherited)",
					"@executable_path/Frameworks",
					"@loader_path/Frameworks",
				);
				PRODUCT_BUNDLE_IDENTIFIER = com.ving.IoTGardenTests;
				PRODUCT_NAME = "$(TARGET_NAME)";
				SWIFT_VERSION = 4.0;
				TARGETED_DEVICE_FAMILY = "1,2";
				TEST_HOST = "$(BUILT_PRODUCTS_DIR)/IoTGarden.app/IoTGarden";
			};
			name = Debug;
		};
		18A0433421894CD4005E04D4 /* Release */ = {
			isa = XCBuildConfiguration;
			baseConfigurationReference = 26FF11245553B5B9CB0BEA4C /* Pods-IoTGardenTests.release.xcconfig */;
			buildSettings = {
				ALWAYS_EMBED_SWIFT_STANDARD_LIBRARIES = YES;
				BUNDLE_LOADER = "$(TEST_HOST)";
				CODE_SIGN_STYLE = Automatic;
				DEVELOPMENT_TEAM = T78D673J43;
				INFOPLIST_FILE = IoTGardenTests/Info.plist;
				LD_RUNPATH_SEARCH_PATHS = (
					"$(inherited)",
					"@executable_path/Frameworks",
					"@loader_path/Frameworks",
				);
				PRODUCT_BUNDLE_IDENTIFIER = com.ving.IoTGardenTests;
				PRODUCT_NAME = "$(TARGET_NAME)";
				SWIFT_VERSION = 4.0;
				TARGETED_DEVICE_FAMILY = "1,2";
				TEST_HOST = "$(BUILT_PRODUCTS_DIR)/IoTGarden.app/IoTGarden";
			};
			name = Release;
		};
		18A0433621894CD4005E04D4 /* Debug */ = {
			isa = XCBuildConfiguration;
			baseConfigurationReference = E5D9503F7F307460CD4526D8 /* Pods-IoTGardenUITests.debug.xcconfig */;
			buildSettings = {
				ALWAYS_EMBED_SWIFT_STANDARD_LIBRARIES = YES;
				CODE_SIGN_STYLE = Automatic;
				DEVELOPMENT_TEAM = T78D673J43;
				INFOPLIST_FILE = IoTGardenUITests/Info.plist;
				LD_RUNPATH_SEARCH_PATHS = (
					"$(inherited)",
					"@executable_path/Frameworks",
					"@loader_path/Frameworks",
				);
				PRODUCT_BUNDLE_IDENTIFIER = com.ving.IoTGardenUITests;
				PRODUCT_NAME = "$(TARGET_NAME)";
				SWIFT_VERSION = 4.0;
				TARGETED_DEVICE_FAMILY = "1,2";
				TEST_TARGET_NAME = IoTGarden;
			};
			name = Debug;
		};
		18A0433721894CD4005E04D4 /* Release */ = {
			isa = XCBuildConfiguration;
			baseConfigurationReference = 90D107BBD3DCEB69725EA355 /* Pods-IoTGardenUITests.release.xcconfig */;
			buildSettings = {
				ALWAYS_EMBED_SWIFT_STANDARD_LIBRARIES = YES;
				CODE_SIGN_STYLE = Automatic;
				DEVELOPMENT_TEAM = T78D673J43;
				INFOPLIST_FILE = IoTGardenUITests/Info.plist;
				LD_RUNPATH_SEARCH_PATHS = (
					"$(inherited)",
					"@executable_path/Frameworks",
					"@loader_path/Frameworks",
				);
				PRODUCT_BUNDLE_IDENTIFIER = com.ving.IoTGardenUITests;
				PRODUCT_NAME = "$(TARGET_NAME)";
				SWIFT_VERSION = 4.0;
				TARGETED_DEVICE_FAMILY = "1,2";
				TEST_TARGET_NAME = IoTGarden;
			};
			name = Release;
		};
/* End XCBuildConfiguration section */

/* Begin XCConfigurationList section */
		18A042FF21894CD2005E04D4 /* Build configuration list for PBXProject "IoTGarden" */ = {
			isa = XCConfigurationList;
			buildConfigurations = (
				18A0432D21894CD4005E04D4 /* Debug */,
				18A0432E21894CD4005E04D4 /* Release */,
			);
			defaultConfigurationIsVisible = 0;
			defaultConfigurationName = Release;
		};
		18A0432F21894CD4005E04D4 /* Build configuration list for PBXNativeTarget "IoTGarden" */ = {
			isa = XCConfigurationList;
			buildConfigurations = (
				18A0433021894CD4005E04D4 /* Debug */,
				18A0433121894CD4005E04D4 /* Release */,
			);
			defaultConfigurationIsVisible = 0;
			defaultConfigurationName = Release;
		};
		18A0433221894CD4005E04D4 /* Build configuration list for PBXNativeTarget "IoTGardenTests" */ = {
			isa = XCConfigurationList;
			buildConfigurations = (
				18A0433321894CD4005E04D4 /* Debug */,
				18A0433421894CD4005E04D4 /* Release */,
			);
			defaultConfigurationIsVisible = 0;
			defaultConfigurationName = Release;
		};
		18A0433521894CD4005E04D4 /* Build configuration list for PBXNativeTarget "IoTGardenUITests" */ = {
			isa = XCConfigurationList;
			buildConfigurations = (
				18A0433621894CD4005E04D4 /* Debug */,
				18A0433721894CD4005E04D4 /* Release */,
			);
			defaultConfigurationIsVisible = 0;
			defaultConfigurationName = Release;
		};
/* End XCConfigurationList section */

/* Begin XCVersionGroup section */
		18339BDE21C9493E00CC2269 /* IoTGarden.xcdatamodeld */ = {
			isa = XCVersionGroup;
			children = (
				18339BDF21C9493E00CC2269 /* IoTGarden.xcdatamodel */,
			);
			currentVersion = 18339BDF21C9493E00CC2269 /* IoTGarden.xcdatamodel */;
			path = IoTGarden.xcdatamodeld;
			sourceTree = "<group>";
			versionGroupType = wrapper.xcdatamodel;
		};
		18339BE121C9496100CC2269 /* ItemList.xcdatamodeld */ = {
			isa = XCVersionGroup;
			children = (
				18339BE221C9496100CC2269 /* ItemList.xcdatamodel */,
			);
			currentVersion = 18339BE221C9496100CC2269 /* ItemList.xcdatamodel */;
			path = ItemList.xcdatamodeld;
			sourceTree = "<group>";
			versionGroupType = wrapper.xcdatamodel;
		};
/* End XCVersionGroup section */
	};
	rootObject = 18A042FC21894CD2005E04D4 /* Project object */;
}
