PODS:
  - APIKit (4.0.0):
    - Result (~> 4.0)
  - Charts (3.2.2):
    - Charts/Core (= 3.2.2)
  - Charts/Core (3.2.2)
  - CocoaAsyncSocket (7.6.3)
  - CocoaMQTT (1.1.3):
    - CocoaAsyncSocket (~> 7.6.3)
  - Himotoki (3.2.0)
  - MaterialComponents/ButtonBar (78.0.0):
    - MaterialComponents/Buttons
    - MaterialComponents/private/Application
    - MDFInternationalization
  - MaterialComponents/Buttons (78.0.0):
    - MaterialComponents/Ink
    - MaterialComponents/private/Math
    - MaterialComponents/ShadowElevations
    - MaterialComponents/ShadowLayer
    - MaterialComponents/Shapes
    - MaterialComponents/Typography
    - MDFInternationalization
    - MDFTextAccessibility
  - MaterialComponents/Ink (78.0.0):
    - MaterialComponents/private/Math
  - MaterialComponents/NavigationBar (78.0.0):
    - MaterialComponents/ButtonBar
    - MaterialComponents/private/Math
    - MaterialComponents/Typography
    - MDFInternationalization
    - MDFTextAccessibility
  - "MaterialComponents/NavigationBar+ColorThemer (78.0.0)":
    - MaterialComponents/NavigationBar
    - MaterialComponents/schemes/Color
  - MaterialComponents/private/Application (78.0.0)
  - MaterialComponents/private/Math (78.0.0)
  - MaterialComponents/schemes/Color (78.0.0)
  - MaterialComponents/ShadowElevations (78.0.0)
  - MaterialComponents/ShadowLayer (78.0.0):
    - MaterialComponents/ShadowElevations
  - MaterialComponents/Shapes (78.0.0):
    - MaterialComponents/private/Math
    - MaterialComponents/ShadowLayer
  - MaterialComponents/Typography (78.0.0):
    - MaterialComponents/private/Application
    - MaterialComponents/private/Math
  - MDFInternationalization (2.0.0)
  - MDFTextAccessibility (2.0.0)
  - PromiseKit (6.8.3):
    - PromiseKit/CorePromise (= 6.8.3)
    - PromiseKit/Foundation (= 6.8.3)
    - PromiseKit/UIKit (= 6.8.3)
  - PromiseKit/CorePromise (6.8.3)
  - PromiseKit/Foundation (6.8.3):
    - PromiseKit/CorePromise
  - PromiseKit/UIKit (6.8.3):
    - PromiseKit/CorePromise
  - ReactiveReSwift (4.0.0)
  - Result (4.1.0)
  - RxAtomic (4.4.1)
  - RxCocoa (4.4.1):
    - RxSwift (~> 4.0)
  - RxSwift (4.4.1):
    - RxAtomic (~> 4.4)

DEPENDENCIES:
  - APIKit
  - Charts
  - CocoaMQTT
  - Himotoki
  - MaterialComponents/ButtonBar
  - MaterialComponents/NavigationBar
  - "MaterialComponents/NavigationBar+ColorThemer"
  - PromiseKit
  - ReactiveReSwift
  - RxCocoa
  - RxSwift

SPEC REPOS:
  https://github.com/cocoapods/specs.git:
    - APIKit
    - Charts
    - CocoaAsyncSocket
    - CocoaMQTT
    - Himotoki
    - MaterialComponents
    - MDFInternationalization
    - MDFTextAccessibility
    - PromiseKit
    - ReactiveReSwift
    - Result
    - RxAtomic
    - RxCocoa
    - RxSwift

SPEC CHECKSUMS:
  APIKit: 23ddce4be7eccd746d2ab3c62713cd80d5846d5a
  Charts: f69cf0518b6d1d62608ca504248f1bbe0b6ae77e
  CocoaAsyncSocket: eafaa68a7e0ec99ead0a7b35015e0bf25d2c8987
  CocoaMQTT: b506d38ad3bbe1c55a4f8ee8c9fd02c35da1a7d8
  Himotoki: 2618fc6b939ad6d9b71c52c90fe210f54ea28167
  MaterialComponents: f50582fcff415a2459e62a29310fb3ec70a70234
  MDFInternationalization: 010097556d6b09d2c4ea38e0820ea6d37be6a314
  MDFTextAccessibility: 85c09a1bd9c321f494348e632a25063bcda35a53
  PromiseKit: 94c6e781838c5bf4717677d0d882b0e7250c80fc
  ReactiveReSwift: b6187229efcc5ec819fb1d3d19716c231bcc0456
  Result: bd966fac789cc6c1563440b348ab2598cc24d5c7
  RxAtomic: f8d6adc1ccb87a767811269e4875887bc74dbf19
  RxCocoa: 2f35a76bf8887872e28a1914112395b11b8e0e64
  RxSwift: 92fcf68dfef21f3e2ab1965363d9e7b3d787597e

PODFILE CHECKSUM: 1208ff88e5dedf9ae3d0d31234f9c047add98ed0

COCOAPODS: 1.6.1
